// !$*UTF8*$!
{
	archiveVersion = 1;
	classes = {
	};
	objectVersion = 55;
	objects = {

/* Begin PBXBuildFile section */
		29E8F686D711D4EB5A5B4F03 /* Pods_BasicMVVMCoordinatorApp.framework in Frameworks */ = {isa = PBXBuildFile; fileRef = 8AF40976BD66E3009818A4F0 /* Pods_BasicMVVMCoordinatorApp.framework */; };
		A6A9716400F8786CC3141133 /* Pods_BasicMVVMCoordinatorAppTests.framework in Frameworks */ = {isa = PBXBuildFile; fileRef = CD118BC59D36D7A55056F49B /* Pods_BasicMVVMCoordinatorAppTests.framework */; };
		EAB7417820CAEE7FDF13002E /* Pods_BasicMVVMCoordinatorApp_BasicMVVMCoordinatorAppUITests.framework in Frameworks */ = {isa = PBXBuildFile; fileRef = 568917B1C1067249F87AAFBC /* Pods_BasicMVVMCoordinatorApp_BasicMVVMCoordinatorAppUITests.framework */; };
		F602BEE227D4B16400DCEF1B /* AppDelegate.swift in Sources */ = {isa = PBXBuildFile; fileRef = F602BEE127D4B16400DCEF1B /* AppDelegate.swift */; };
		F602BEE427D4B16400DCEF1B /* SceneDelegate.swift in Sources */ = {isa = PBXBuildFile; fileRef = F602BEE327D4B16400DCEF1B /* SceneDelegate.swift */; };
		F602BEE927D4B16400DCEF1B /* Main.storyboard in Resources */ = {isa = PBXBuildFile; fileRef = F602BEE727D4B16400DCEF1B /* Main.storyboard */; };
		F602BEEB27D4B16500DCEF1B /* Assets.xcassets in Resources */ = {isa = PBXBuildFile; fileRef = F602BEEA27D4B16500DCEF1B /* Assets.xcassets */; };
		F602BEEE27D4B16500DCEF1B /* LaunchScreen.storyboard in Resources */ = {isa = PBXBuildFile; fileRef = F602BEEC27D4B16500DCEF1B /* LaunchScreen.storyboard */; };
		F602BEF927D4B16500DCEF1B /* BasicMVVMCoordinatorAppTests.swift in Sources */ = {isa = PBXBuildFile; fileRef = F602BEF827D4B16500DCEF1B /* BasicMVVMCoordinatorAppTests.swift */; };
		F602BF0327D4B16500DCEF1B /* BasicMVVMCoordinatorAppUITests.swift in Sources */ = {isa = PBXBuildFile; fileRef = F602BF0227D4B16500DCEF1B /* BasicMVVMCoordinatorAppUITests.swift */; };
		F602BF0527D4B16500DCEF1B /* BasicMVVMCoordinatorAppUITestsLaunchTests.swift in Sources */ = {isa = PBXBuildFile; fileRef = F602BF0427D4B16500DCEF1B /* BasicMVVMCoordinatorAppUITestsLaunchTests.swift */; };
		F602BF2127D4BE1300DCEF1B /* CoordinatorType.swift in Sources */ = {isa = PBXBuildFile; fileRef = F602BF1C27D4BE1300DCEF1B /* CoordinatorType.swift */; };
		F602BF2227D4BE1300DCEF1B /* Coordinator.swift in Sources */ = {isa = PBXBuildFile; fileRef = F602BF1D27D4BE1300DCEF1B /* Coordinator.swift */; };
		F602BF2327D4BE1300DCEF1B /* Presentable.swift in Sources */ = {isa = PBXBuildFile; fileRef = F602BF1E27D4BE1300DCEF1B /* Presentable.swift */; };
		F602BF2427D4BE1300DCEF1B /* StoryboardLoadable.swift in Sources */ = {isa = PBXBuildFile; fileRef = F602BF1F27D4BE1300DCEF1B /* StoryboardLoadable.swift */; };
		F602BF2527D4BE1300DCEF1B /* RouterType.swift in Sources */ = {isa = PBXBuildFile; fileRef = F602BF2027D4BE1300DCEF1B /* RouterType.swift */; };
		F602BF2827D4BE3800DCEF1B /* BaseCoordinator.swift in Sources */ = {isa = PBXBuildFile; fileRef = F602BF2627D4BE3700DCEF1B /* BaseCoordinator.swift */; };
		F602BF2927D4BE3800DCEF1B /* Router.swift in Sources */ = {isa = PBXBuildFile; fileRef = F602BF2727D4BE3800DCEF1B /* Router.swift */; };
		F602BF2E27D4BE7F00DCEF1B /* CellIdentifiable.swift in Sources */ = {isa = PBXBuildFile; fileRef = F602BF2D27D4BE7F00DCEF1B /* CellIdentifiable.swift */; };
		F602BF3127D4BFA100DCEF1B /* AppCoordinator.swift in Sources */ = {isa = PBXBuildFile; fileRef = F602BF3027D4BFA100DCEF1B /* AppCoordinator.swift */; };
		F602BF3A27D4BFE800DCEF1B /* AppModuleFactoryType.swift in Sources */ = {isa = PBXBuildFile; fileRef = F602BF3827D4BFE800DCEF1B /* AppModuleFactoryType.swift */; };
		F602BF3B27D4BFE800DCEF1B /* AppModuleFactory.swift in Sources */ = {isa = PBXBuildFile; fileRef = F602BF3927D4BFE800DCEF1B /* AppModuleFactory.swift */; };
		F602BF5027D4C1E000DCEF1B /* MainViewModel.swift in Sources */ = {isa = PBXBuildFile; fileRef = F602BF4F27D4C1E000DCEF1B /* MainViewModel.swift */; };
		F602BF5327D4C2FE00DCEF1B /* HasNetworkService.swift in Sources */ = {isa = PBXBuildFile; fileRef = F602BF5227D4C2FE00DCEF1B /* HasNetworkService.swift */; };
		F602BF5527D4C33400DCEF1B /* NetworkService.swift in Sources */ = {isa = PBXBuildFile; fileRef = F602BF5427D4C33400DCEF1B /* NetworkService.swift */; };
		F602BF5727D4C44E00DCEF1B /* DependencyProvider.swift in Sources */ = {isa = PBXBuildFile; fileRef = F602BF5627D4C44E00DCEF1B /* DependencyProvider.swift */; };
		F602BF5927D4C59900DCEF1B /* BasicNetworkService.swift in Sources */ = {isa = PBXBuildFile; fileRef = F602BF5827D4C59900DCEF1B /* BasicNetworkService.swift */; };
		F602BF5D27D4CB0D00DCEF1B /* MainViewController.swift in Sources */ = {isa = PBXBuildFile; fileRef = F602BF5C27D4CB0D00DCEF1B /* MainViewController.swift */; };
		F602BF5F27D4CB1A00DCEF1B /* MainViewController.storyboard in Resources */ = {isa = PBXBuildFile; fileRef = F602BF5E27D4CB1A00DCEF1B /* MainViewController.storyboard */; };
		F6082DB32802EBFC00F7C737 /* UserManager.swift in Sources */ = {isa = PBXBuildFile; fileRef = F6082DB02802EBFC00F7C737 /* UserManager.swift */; };
		F6082DB42802EBFC00F7C737 /* ApplicationStorage.swift in Sources */ = {isa = PBXBuildFile; fileRef = F6082DB12802EBFC00F7C737 /* ApplicationStorage.swift */; };
		F6082DB52802EBFC00F7C737 /* ObjectStorage.swift in Sources */ = {isa = PBXBuildFile; fileRef = F6082DB22802EBFC00F7C737 /* ObjectStorage.swift */; };
		F6082DB72802EC0F00F7C737 /* LoginResponse.swift in Sources */ = {isa = PBXBuildFile; fileRef = F6082DB62802EC0F00F7C737 /* LoginResponse.swift */; };
		F63E35512822C093007F4F25 /* UIDevice+ModelName.swift in Sources */ = {isa = PBXBuildFile; fileRef = F63E35502822C093007F4F25 /* UIDevice+ModelName.swift */; };
		F63E35532822C129007F4F25 /* Bundle+AppVersion.swift in Sources */ = {isa = PBXBuildFile; fileRef = F63E35522822C129007F4F25 /* Bundle+AppVersion.swift */; };
		F63E35572822D207007F4F25 /* PokemonFetchRequest.swift in Sources */ = {isa = PBXBuildFile; fileRef = F63E35552822D207007F4F25 /* PokemonFetchRequest.swift */; };
		F63E35582822D207007F4F25 /* PokemonAPIClient.swift in Sources */ = {isa = PBXBuildFile; fileRef = F63E35562822D207007F4F25 /* PokemonAPIClient.swift */; };
		F63E355B2822D28B007F4F25 /* Results.swift in Sources */ = {isa = PBXBuildFile; fileRef = F63E355A2822D28B007F4F25 /* Results.swift */; };
		F63E355D2822D2AF007F4F25 /* Pokemons.swift in Sources */ = {isa = PBXBuildFile; fileRef = F63E355C2822D2AF007F4F25 /* Pokemons.swift */; };
		F6C0F4CA27E63C08002D84E9 /* FacebookService.swift in Sources */ = {isa = PBXBuildFile; fileRef = F6C0F4C927E63C08002D84E9 /* FacebookService.swift */; };
		F6C0F4CF27E63C39002D84E9 /* GoogleSignInService.swift in Sources */ = {isa = PBXBuildFile; fileRef = F6C0F4CE27E63C39002D84E9 /* GoogleSignInService.swift */; };
		F6C0F4D127E63C69002D84E9 /* Constants.swift in Sources */ = {isa = PBXBuildFile; fileRef = F6C0F4D027E63C69002D84E9 /* Constants.swift */; };
		F6D8611027E5D2DA00B30F25 /* HomeCoordinator.swift in Sources */ = {isa = PBXBuildFile; fileRef = F6D8610F27E5D2DA00B30F25 /* HomeCoordinator.swift */; };
		F6D8611227E5D2E300B30F25 /* HomeCoordinatorOutput.swift in Sources */ = {isa = PBXBuildFile; fileRef = F6D8611127E5D2E300B30F25 /* HomeCoordinatorOutput.swift */; };
		F6D8611727E5D4BA00B30F25 /* HomeModuleFactory.swift in Sources */ = {isa = PBXBuildFile; fileRef = F6D8611627E5D4BA00B30F25 /* HomeModuleFactory.swift */; };
		F6D8611927E5D4C400B30F25 /* HomeModuleFactoryType.swift in Sources */ = {isa = PBXBuildFile; fileRef = F6D8611827E5D4C400B30F25 /* HomeModuleFactoryType.swift */; };
		F6D8611B27E5D54700B30F25 /* HomeViewController.storyboard in Resources */ = {isa = PBXBuildFile; fileRef = F6D8611A27E5D54700B30F25 /* HomeViewController.storyboard */; };
		F6D8611D27E5D55400B30F25 /* HomeViewController.swift in Sources */ = {isa = PBXBuildFile; fileRef = F6D8611C27E5D55400B30F25 /* HomeViewController.swift */; };
		F6D8611F27E5D55B00B30F25 /* HomeViewModel.swift in Sources */ = {isa = PBXBuildFile; fileRef = F6D8611E27E5D55B00B30F25 /* HomeViewModel.swift */; };
		F6D8612227E5DA6100B30F25 /* RegisterCoordinatorFactory.swift in Sources */ = {isa = PBXBuildFile; fileRef = F6D8612127E5DA6100B30F25 /* RegisterCoordinatorFactory.swift */; };
		F6D8612427E5DA6C00B30F25 /* RegisterCoordinatorFactoryType.swift in Sources */ = {isa = PBXBuildFile; fileRef = F6D8612327E5DA6C00B30F25 /* RegisterCoordinatorFactoryType.swift */; };
		F6F1C3F82804406B00A7B5AC /* TabBarCoordinator.swift in Sources */ = {isa = PBXBuildFile; fileRef = F6F1C3F72804406B00A7B5AC /* TabBarCoordinator.swift */; };
		F6F1C3FA2804407200A7B5AC /* TabBarCoordinatorOutput.swift in Sources */ = {isa = PBXBuildFile; fileRef = F6F1C3F92804407200A7B5AC /* TabBarCoordinatorOutput.swift */; };
		F6F1C3FD280440FE00A7B5AC /* TabBarCoordinatorFactory.swift in Sources */ = {isa = PBXBuildFile; fileRef = F6F1C3FC280440FE00A7B5AC /* TabBarCoordinatorFactory.swift */; };
		F6F1C3FF2804410200A7B5AC /* TabBarCoordinatorFactoryType.swift in Sources */ = {isa = PBXBuildFile; fileRef = F6F1C3FE2804410200A7B5AC /* TabBarCoordinatorFactoryType.swift */; };
		F6F1C4012804414D00A7B5AC /* TabBarModuleFactory.swift in Sources */ = {isa = PBXBuildFile; fileRef = F6F1C4002804414D00A7B5AC /* TabBarModuleFactory.swift */; };
		F6F1C4032804415100A7B5AC /* TabBarModuleFactoryType.swift in Sources */ = {isa = PBXBuildFile; fileRef = F6F1C4022804415100A7B5AC /* TabBarModuleFactoryType.swift */; };
		F6F1C4052804482600A7B5AC /* String+Localized.swift in Sources */ = {isa = PBXBuildFile; fileRef = F6F1C4042804482600A7B5AC /* String+Localized.swift */; };
		F6F1C4092804494300A7B5AC /* Language.swift in Sources */ = {isa = PBXBuildFile; fileRef = F6F1C4082804494300A7B5AC /* Language.swift */; };
		F6F1C40F280466B200A7B5AC /* HomeCoordinatorFactory.swift in Sources */ = {isa = PBXBuildFile; fileRef = F6F1C40E280466B200A7B5AC /* HomeCoordinatorFactory.swift */; };
		F6F1C411280466B600A7B5AC /* HomeCoordinatorFactoryType.swift in Sources */ = {isa = PBXBuildFile; fileRef = F6F1C410280466B600A7B5AC /* HomeCoordinatorFactoryType.swift */; };
		F6F1C4172804701F00A7B5AC /* ProfileCoordinator.swift in Sources */ = {isa = PBXBuildFile; fileRef = F6F1C4162804701F00A7B5AC /* ProfileCoordinator.swift */; };
		F6F1C4192804702400A7B5AC /* ProfileCoordinatorOutput.swift in Sources */ = {isa = PBXBuildFile; fileRef = F6F1C4182804702400A7B5AC /* ProfileCoordinatorOutput.swift */; };
		F6F1C41B2804703700A7B5AC /* ProfileCoordinatorFactory.swift in Sources */ = {isa = PBXBuildFile; fileRef = F6F1C41A2804703700A7B5AC /* ProfileCoordinatorFactory.swift */; };
		F6F1C41D2804703C00A7B5AC /* ProfileCoordinatorFactoryType.swift in Sources */ = {isa = PBXBuildFile; fileRef = F6F1C41C2804703C00A7B5AC /* ProfileCoordinatorFactoryType.swift */; };
		F6F1C41F2804704900A7B5AC /* ProfileModuleFactory.swift in Sources */ = {isa = PBXBuildFile; fileRef = F6F1C41E2804704900A7B5AC /* ProfileModuleFactory.swift */; };
		F6F1C4212804704C00A7B5AC /* ProfileModuleFactoryType.swift in Sources */ = {isa = PBXBuildFile; fileRef = F6F1C4202804704C00A7B5AC /* ProfileModuleFactoryType.swift */; };
		F6F1C4232804705400A7B5AC /* ProfileViewModel.swift in Sources */ = {isa = PBXBuildFile; fileRef = F6F1C4222804705400A7B5AC /* ProfileViewModel.swift */; };
		F6F1C4252804705C00A7B5AC /* ProfileViewController.swift in Sources */ = {isa = PBXBuildFile; fileRef = F6F1C4242804705C00A7B5AC /* ProfileViewController.swift */; };
		F6F1C4272804706300A7B5AC /* ProfileViewController.storyboard in Resources */ = {isa = PBXBuildFile; fileRef = F6F1C4262804706300A7B5AC /* ProfileViewController.storyboard */; };
		F6F1C429280473CC00A7B5AC /* ArticleCoordinator.swift in Sources */ = {isa = PBXBuildFile; fileRef = F6F1C428280473CC00A7B5AC /* ArticleCoordinator.swift */; };
		F6F1C42B280473D300A7B5AC /* ArticleCoordinatorOutput.swift in Sources */ = {isa = PBXBuildFile; fileRef = F6F1C42A280473D300A7B5AC /* ArticleCoordinatorOutput.swift */; };
		F6F1C430280473F900A7B5AC /* ArticleViewModel.swift in Sources */ = {isa = PBXBuildFile; fileRef = F6F1C42F280473F900A7B5AC /* ArticleViewModel.swift */; };
		F6F1C4322804740400A7B5AC /* ArticleViewController.swift in Sources */ = {isa = PBXBuildFile; fileRef = F6F1C4312804740400A7B5AC /* ArticleViewController.swift */; };
		F6F1C4342804740900A7B5AC /* ArticleViewController.storyboard in Resources */ = {isa = PBXBuildFile; fileRef = F6F1C4332804740900A7B5AC /* ArticleViewController.storyboard */; };
		F6F1C4362804748A00A7B5AC /* ArticleModuleFactory.swift in Sources */ = {isa = PBXBuildFile; fileRef = F6F1C4352804748A00A7B5AC /* ArticleModuleFactory.swift */; };
		F6F1C4382804748E00A7B5AC /* ArticleModuleFactoryType.swift in Sources */ = {isa = PBXBuildFile; fileRef = F6F1C4372804748E00A7B5AC /* ArticleModuleFactoryType.swift */; };
		F6F1C43A280474FF00A7B5AC /* ArticleCoordinatorFactory.swift in Sources */ = {isa = PBXBuildFile; fileRef = F6F1C439280474FF00A7B5AC /* ArticleCoordinatorFactory.swift */; };
		F6F1C43C2804752200A7B5AC /* ArticleCoordinatorFactoryType.swift in Sources */ = {isa = PBXBuildFile; fileRef = F6F1C43B2804752200A7B5AC /* ArticleCoordinatorFactoryType.swift */; };
		F6F1C43E2804B65E00A7B5AC /* UITabBarController + Extensions.swift in Sources */ = {isa = PBXBuildFile; fileRef = F6F1C43D2804B65E00A7B5AC /* UITabBarController + Extensions.swift */; };
		F6F3BF4F27D6223600ED06B9 /* RegisterModuleFactory.swift in Sources */ = {isa = PBXBuildFile; fileRef = F6F3BF4D27D6223600ED06B9 /* RegisterModuleFactory.swift */; };
		F6F3BF5027D6223600ED06B9 /* RegisterModuleFactoryType.swift in Sources */ = {isa = PBXBuildFile; fileRef = F6F3BF4E27D6223600ED06B9 /* RegisterModuleFactoryType.swift */; };
		F6F3BF5327D6223F00ED06B9 /* RegisterCoordinator.swift in Sources */ = {isa = PBXBuildFile; fileRef = F6F3BF5127D6223F00ED06B9 /* RegisterCoordinator.swift */; };
		F6F3BF5427D6223F00ED06B9 /* RegisterCoordinatorOutput.swift in Sources */ = {isa = PBXBuildFile; fileRef = F6F3BF5227D6223F00ED06B9 /* RegisterCoordinatorOutput.swift */; };
		F6F3BF5A27D6229400ED06B9 /* RegisterViewModel.swift in Sources */ = {isa = PBXBuildFile; fileRef = F6F3BF5927D6229400ED06B9 /* RegisterViewModel.swift */; };
		F6F3BF5C27D622AE00ED06B9 /* RegisterViewController.swift in Sources */ = {isa = PBXBuildFile; fileRef = F6F3BF5B27D622AE00ED06B9 /* RegisterViewController.swift */; };
		F6F3BF5E27D622C800ED06B9 /* RegisterViewController.storyboard in Resources */ = {isa = PBXBuildFile; fileRef = F6F3BF5D27D622C800ED06B9 /* RegisterViewController.storyboard */; };
		F6F3BF6027D622E400ED06B9 /* LoginViewModel.swift in Sources */ = {isa = PBXBuildFile; fileRef = F6F3BF5F27D622E400ED06B9 /* LoginViewModel.swift */; };
		F6F3BF6227D622F800ED06B9 /* LoginViewController.swift in Sources */ = {isa = PBXBuildFile; fileRef = F6F3BF6127D622F800ED06B9 /* LoginViewController.swift */; };
		F6F3BF6427D6232000ED06B9 /* LoginViewController.storyboard in Resources */ = {isa = PBXBuildFile; fileRef = F6F3BF6327D6232000ED06B9 /* LoginViewController.storyboard */; };
		F6F3BF6827D628DB00ED06B9 /* AppCoordinatorFactory.swift in Sources */ = {isa = PBXBuildFile; fileRef = F6F3BF6627D628DB00ED06B9 /* AppCoordinatorFactory.swift */; };
		F6F3BF6927D628DB00ED06B9 /* AppCoordinatorFactoryType.swift in Sources */ = {isa = PBXBuildFile; fileRef = F6F3BF6727D628DB00ED06B9 /* AppCoordinatorFactoryType.swift */; };
		F6F3BF6B27D63CF300ED06B9 /* CustomNavigationController.swift in Sources */ = {isa = PBXBuildFile; fileRef = F6F3BF6A27D63CF300ED06B9 /* CustomNavigationController.swift */; };
		F6F3BF6D27D63D3900ED06B9 /* Fonts.swift in Sources */ = {isa = PBXBuildFile; fileRef = F6F3BF6C27D63D3900ED06B9 /* Fonts.swift */; };
		F6F3BF7727D63D5500ED06B9 /* Poppins-ExtraLight.ttf in Resources */ = {isa = PBXBuildFile; fileRef = F6F3BF6F27D63D5500ED06B9 /* Poppins-ExtraLight.ttf */; };
		F6F3BF7827D63D5500ED06B9 /* Poppins-Light.ttf in Resources */ = {isa = PBXBuildFile; fileRef = F6F3BF7027D63D5500ED06B9 /* Poppins-Light.ttf */; };
		F6F3BF7927D63D5500ED06B9 /* Poppins-Medium.ttf in Resources */ = {isa = PBXBuildFile; fileRef = F6F3BF7127D63D5500ED06B9 /* Poppins-Medium.ttf */; };
		F6F3BF7A27D63D5500ED06B9 /* Poppins-ExtraBold.ttf in Resources */ = {isa = PBXBuildFile; fileRef = F6F3BF7227D63D5500ED06B9 /* Poppins-ExtraBold.ttf */; };
		F6F3BF7B27D63D5500ED06B9 /* Poppins-Regular.ttf in Resources */ = {isa = PBXBuildFile; fileRef = F6F3BF7327D63D5500ED06B9 /* Poppins-Regular.ttf */; };
		F6F3BF7C27D63D5500ED06B9 /* Poppins-Bold.ttf in Resources */ = {isa = PBXBuildFile; fileRef = F6F3BF7427D63D5500ED06B9 /* Poppins-Bold.ttf */; };
		F6F3BF7D27D63D5500ED06B9 /* Poppins-Thin.ttf in Resources */ = {isa = PBXBuildFile; fileRef = F6F3BF7527D63D5500ED06B9 /* Poppins-Thin.ttf */; };
		F6F3BF7E27D63D5500ED06B9 /* Poppins-SemiBold.ttf in Resources */ = {isa = PBXBuildFile; fileRef = F6F3BF7627D63D5500ED06B9 /* Poppins-SemiBold.ttf */; };
		F6F3BF8027D6473700ED06B9 /* UIApplication + getTopController.swift in Sources */ = {isa = PBXBuildFile; fileRef = F6F3BF7F27D6473700ED06B9 /* UIApplication + getTopController.swift */; };
		F6F3BF8227D64AAB00ED06B9 /* FacebookLoginResponse.swift in Sources */ = {isa = PBXBuildFile; fileRef = F6F3BF8127D64AAB00ED06B9 /* FacebookLoginResponse.swift */; };
		F6F3BF8427D64C1B00ED06B9 /* Dictionary + Extensions.swift in Sources */ = {isa = PBXBuildFile; fileRef = F6F3BF8327D64C1B00ED06B9 /* Dictionary + Extensions.swift */; };
		F6F4A27828155AB700D603C9 /* APIInterceptor.swift in Sources */ = {isa = PBXBuildFile; fileRef = F6F4A26C28155AB700D603C9 /* APIInterceptor.swift */; };
		F6F4A27928155AB700D603C9 /* APIError.swift in Sources */ = {isa = PBXBuildFile; fileRef = F6F4A26D28155AB700D603C9 /* APIError.swift */; };
		F6F4A27A28155AB700D603C9 /* APIClient.swift in Sources */ = {isa = PBXBuildFile; fileRef = F6F4A26E28155AB700D603C9 /* APIClient.swift */; };
		F6F4A27B28155AB700D603C9 /* PaginatedRequest.swift in Sources */ = {isa = PBXBuildFile; fileRef = F6F4A27128155AB700D603C9 /* PaginatedRequest.swift */; };
		F6F4A27C28155AB700D603C9 /* RequestParams.swift in Sources */ = {isa = PBXBuildFile; fileRef = F6F4A27228155AB700D603C9 /* RequestParams.swift */; };
		F6F4A27D28155AB700D603C9 /* HTTPMethod.swift in Sources */ = {isa = PBXBuildFile; fileRef = F6F4A27328155AB700D603C9 /* HTTPMethod.swift */; };
		F6F4A27E28155AB700D603C9 /* ResponseType.swift in Sources */ = {isa = PBXBuildFile; fileRef = F6F4A27428155AB700D603C9 /* ResponseType.swift */; };
		F6F4A27F28155AB700D603C9 /* Request.swift in Sources */ = {isa = PBXBuildFile; fileRef = F6F4A27528155AB700D603C9 /* Request.swift */; };
		F6F4A28028155AB700D603C9 /* AuthorizedRequest.swift in Sources */ = {isa = PBXBuildFile; fileRef = F6F4A27628155AB700D603C9 /* AuthorizedRequest.swift */; };
		F6F4A28128155AB700D603C9 /* ConnectivityMonitor.swift in Sources */ = {isa = PBXBuildFile; fileRef = F6F4A27728155AB700D603C9 /* ConnectivityMonitor.swift */; };
		F6F4A28D28155D9F00D603C9 /* DRMTokenRequest.swift in Sources */ = {isa = PBXBuildFile; fileRef = F6F4A28A28155D9F00D603C9 /* DRMTokenRequest.swift */; };
		F6F4A28E28155D9F00D603C9 /* DRMTokenManager.swift in Sources */ = {isa = PBXBuildFile; fileRef = F6F4A28B28155D9F00D603C9 /* DRMTokenManager.swift */; };
		F6F4A28F28155D9F00D603C9 /* DRMTokenParser.swift in Sources */ = {isa = PBXBuildFile; fileRef = F6F4A28C28155D9F00D603C9 /* DRMTokenParser.swift */; };
/* End PBXBuildFile section */

/* Begin PBXContainerItemProxy section */
		F602BEF527D4B16500DCEF1B /* PBXContainerItemProxy */ = {
			isa = PBXContainerItemProxy;
			containerPortal = F602BED627D4B16400DCEF1B /* Project object */;
			proxyType = 1;
			remoteGlobalIDString = F602BEDD27D4B16400DCEF1B;
			remoteInfo = BasicMVVMCoordinatorApp;
		};
		F602BEFF27D4B16500DCEF1B /* PBXContainerItemProxy */ = {
			isa = PBXContainerItemProxy;
			containerPortal = F602BED627D4B16400DCEF1B /* Project object */;
			proxyType = 1;
			remoteGlobalIDString = F602BEDD27D4B16400DCEF1B;
			remoteInfo = BasicMVVMCoordinatorApp;
		};
/* End PBXContainerItemProxy section */

/* Begin PBXFileReference section */
		329C2F0FFED78D7DF84BE781 /* Pods-BasicMVVMCoordinatorApp-BasicMVVMCoordinatorAppUITests.debug.xcconfig */ = {isa = PBXFileReference; includeInIndex = 1; lastKnownFileType = text.xcconfig; name = "Pods-BasicMVVMCoordinatorApp-BasicMVVMCoordinatorAppUITests.debug.xcconfig"; path = "Target Support Files/Pods-BasicMVVMCoordinatorApp-BasicMVVMCoordinatorAppUITests/Pods-BasicMVVMCoordinatorApp-BasicMVVMCoordinatorAppUITests.debug.xcconfig"; sourceTree = "<group>"; };
		47A51257FF9AE75A80EE7706 /* Pods-BasicMVVMCoordinatorAppTests.debug.xcconfig */ = {isa = PBXFileReference; includeInIndex = 1; lastKnownFileType = text.xcconfig; name = "Pods-BasicMVVMCoordinatorAppTests.debug.xcconfig"; path = "Target Support Files/Pods-BasicMVVMCoordinatorAppTests/Pods-BasicMVVMCoordinatorAppTests.debug.xcconfig"; sourceTree = "<group>"; };
		568917B1C1067249F87AAFBC /* Pods_BasicMVVMCoordinatorApp_BasicMVVMCoordinatorAppUITests.framework */ = {isa = PBXFileReference; explicitFileType = wrapper.framework; includeInIndex = 0; path = Pods_BasicMVVMCoordinatorApp_BasicMVVMCoordinatorAppUITests.framework; sourceTree = BUILT_PRODUCTS_DIR; };
		5C20DFC2BFD19C3ADCE9DABD /* Pods-BasicMVVMCoordinatorAppTests.release.xcconfig */ = {isa = PBXFileReference; includeInIndex = 1; lastKnownFileType = text.xcconfig; name = "Pods-BasicMVVMCoordinatorAppTests.release.xcconfig"; path = "Target Support Files/Pods-BasicMVVMCoordinatorAppTests/Pods-BasicMVVMCoordinatorAppTests.release.xcconfig"; sourceTree = "<group>"; };
		610EDB2BE276D01A8BE4991C /* Pods-BasicMVVMCoordinatorApp.debug.xcconfig */ = {isa = PBXFileReference; includeInIndex = 1; lastKnownFileType = text.xcconfig; name = "Pods-BasicMVVMCoordinatorApp.debug.xcconfig"; path = "Target Support Files/Pods-BasicMVVMCoordinatorApp/Pods-BasicMVVMCoordinatorApp.debug.xcconfig"; sourceTree = "<group>"; };
		8AF40976BD66E3009818A4F0 /* Pods_BasicMVVMCoordinatorApp.framework */ = {isa = PBXFileReference; explicitFileType = wrapper.framework; includeInIndex = 0; path = Pods_BasicMVVMCoordinatorApp.framework; sourceTree = BUILT_PRODUCTS_DIR; };
		BB18308EF66B379DC01B841D /* Pods-BasicMVVMCoordinatorApp.release.xcconfig */ = {isa = PBXFileReference; includeInIndex = 1; lastKnownFileType = text.xcconfig; name = "Pods-BasicMVVMCoordinatorApp.release.xcconfig"; path = "Target Support Files/Pods-BasicMVVMCoordinatorApp/Pods-BasicMVVMCoordinatorApp.release.xcconfig"; sourceTree = "<group>"; };
		CD118BC59D36D7A55056F49B /* Pods_BasicMVVMCoordinatorAppTests.framework */ = {isa = PBXFileReference; explicitFileType = wrapper.framework; includeInIndex = 0; path = Pods_BasicMVVMCoordinatorAppTests.framework; sourceTree = BUILT_PRODUCTS_DIR; };
		F602BEDE27D4B16400DCEF1B /* BasicMVVMCoordinatorApp.app */ = {isa = PBXFileReference; explicitFileType = wrapper.application; includeInIndex = 0; path = BasicMVVMCoordinatorApp.app; sourceTree = BUILT_PRODUCTS_DIR; };
		F602BEE127D4B16400DCEF1B /* AppDelegate.swift */ = {isa = PBXFileReference; lastKnownFileType = sourcecode.swift; path = AppDelegate.swift; sourceTree = "<group>"; };
		F602BEE327D4B16400DCEF1B /* SceneDelegate.swift */ = {isa = PBXFileReference; lastKnownFileType = sourcecode.swift; path = SceneDelegate.swift; sourceTree = "<group>"; };
		F602BEE827D4B16400DCEF1B /* Base */ = {isa = PBXFileReference; lastKnownFileType = file.storyboard; name = Base; path = Base.lproj/Main.storyboard; sourceTree = "<group>"; };
		F602BEEA27D4B16500DCEF1B /* Assets.xcassets */ = {isa = PBXFileReference; lastKnownFileType = folder.assetcatalog; path = Assets.xcassets; sourceTree = "<group>"; };
		F602BEED27D4B16500DCEF1B /* Base */ = {isa = PBXFileReference; lastKnownFileType = file.storyboard; name = Base; path = Base.lproj/LaunchScreen.storyboard; sourceTree = "<group>"; };
		F602BEEF27D4B16500DCEF1B /* Info.plist */ = {isa = PBXFileReference; lastKnownFileType = text.plist.xml; path = Info.plist; sourceTree = "<group>"; };
		F602BEF427D4B16500DCEF1B /* BasicMVVMCoordinatorAppTests.xctest */ = {isa = PBXFileReference; explicitFileType = wrapper.cfbundle; includeInIndex = 0; path = BasicMVVMCoordinatorAppTests.xctest; sourceTree = BUILT_PRODUCTS_DIR; };
		F602BEF827D4B16500DCEF1B /* BasicMVVMCoordinatorAppTests.swift */ = {isa = PBXFileReference; lastKnownFileType = sourcecode.swift; path = BasicMVVMCoordinatorAppTests.swift; sourceTree = "<group>"; };
		F602BEFE27D4B16500DCEF1B /* BasicMVVMCoordinatorAppUITests.xctest */ = {isa = PBXFileReference; explicitFileType = wrapper.cfbundle; includeInIndex = 0; path = BasicMVVMCoordinatorAppUITests.xctest; sourceTree = BUILT_PRODUCTS_DIR; };
		F602BF0227D4B16500DCEF1B /* BasicMVVMCoordinatorAppUITests.swift */ = {isa = PBXFileReference; lastKnownFileType = sourcecode.swift; path = BasicMVVMCoordinatorAppUITests.swift; sourceTree = "<group>"; };
		F602BF0427D4B16500DCEF1B /* BasicMVVMCoordinatorAppUITestsLaunchTests.swift */ = {isa = PBXFileReference; lastKnownFileType = sourcecode.swift; path = BasicMVVMCoordinatorAppUITestsLaunchTests.swift; sourceTree = "<group>"; };
		F602BF1C27D4BE1300DCEF1B /* CoordinatorType.swift */ = {isa = PBXFileReference; fileEncoding = 4; lastKnownFileType = sourcecode.swift; path = CoordinatorType.swift; sourceTree = "<group>"; };
		F602BF1D27D4BE1300DCEF1B /* Coordinator.swift */ = {isa = PBXFileReference; fileEncoding = 4; lastKnownFileType = sourcecode.swift; path = Coordinator.swift; sourceTree = "<group>"; };
		F602BF1E27D4BE1300DCEF1B /* Presentable.swift */ = {isa = PBXFileReference; fileEncoding = 4; lastKnownFileType = sourcecode.swift; path = Presentable.swift; sourceTree = "<group>"; };
		F602BF1F27D4BE1300DCEF1B /* StoryboardLoadable.swift */ = {isa = PBXFileReference; fileEncoding = 4; lastKnownFileType = sourcecode.swift; path = StoryboardLoadable.swift; sourceTree = "<group>"; };
		F602BF2027D4BE1300DCEF1B /* RouterType.swift */ = {isa = PBXFileReference; fileEncoding = 4; lastKnownFileType = sourcecode.swift; path = RouterType.swift; sourceTree = "<group>"; };
		F602BF2627D4BE3700DCEF1B /* BaseCoordinator.swift */ = {isa = PBXFileReference; fileEncoding = 4; lastKnownFileType = sourcecode.swift; path = BaseCoordinator.swift; sourceTree = "<group>"; };
		F602BF2727D4BE3800DCEF1B /* Router.swift */ = {isa = PBXFileReference; fileEncoding = 4; lastKnownFileType = sourcecode.swift; path = Router.swift; sourceTree = "<group>"; };
		F602BF2D27D4BE7F00DCEF1B /* CellIdentifiable.swift */ = {isa = PBXFileReference; fileEncoding = 4; lastKnownFileType = sourcecode.swift; path = CellIdentifiable.swift; sourceTree = "<group>"; };
		F602BF3027D4BFA100DCEF1B /* AppCoordinator.swift */ = {isa = PBXFileReference; lastKnownFileType = sourcecode.swift; path = AppCoordinator.swift; sourceTree = "<group>"; };
		F602BF3827D4BFE800DCEF1B /* AppModuleFactoryType.swift */ = {isa = PBXFileReference; fileEncoding = 4; lastKnownFileType = sourcecode.swift; path = AppModuleFactoryType.swift; sourceTree = "<group>"; };
		F602BF3927D4BFE800DCEF1B /* AppModuleFactory.swift */ = {isa = PBXFileReference; fileEncoding = 4; lastKnownFileType = sourcecode.swift; path = AppModuleFactory.swift; sourceTree = "<group>"; };
		F602BF4F27D4C1E000DCEF1B /* MainViewModel.swift */ = {isa = PBXFileReference; lastKnownFileType = sourcecode.swift; path = MainViewModel.swift; sourceTree = "<group>"; };
		F602BF5227D4C2FE00DCEF1B /* HasNetworkService.swift */ = {isa = PBXFileReference; lastKnownFileType = sourcecode.swift; path = HasNetworkService.swift; sourceTree = "<group>"; };
		F602BF5427D4C33400DCEF1B /* NetworkService.swift */ = {isa = PBXFileReference; lastKnownFileType = sourcecode.swift; path = NetworkService.swift; sourceTree = "<group>"; };
		F602BF5627D4C44E00DCEF1B /* DependencyProvider.swift */ = {isa = PBXFileReference; fileEncoding = 4; lastKnownFileType = sourcecode.swift; path = DependencyProvider.swift; sourceTree = "<group>"; };
		F602BF5827D4C59900DCEF1B /* BasicNetworkService.swift */ = {isa = PBXFileReference; fileEncoding = 4; lastKnownFileType = sourcecode.swift; path = BasicNetworkService.swift; sourceTree = "<group>"; };
		F602BF5C27D4CB0D00DCEF1B /* MainViewController.swift */ = {isa = PBXFileReference; lastKnownFileType = sourcecode.swift; path = MainViewController.swift; sourceTree = "<group>"; };
		F602BF5E27D4CB1A00DCEF1B /* MainViewController.storyboard */ = {isa = PBXFileReference; lastKnownFileType = file.storyboard; path = MainViewController.storyboard; sourceTree = "<group>"; };
		F6082DB02802EBFC00F7C737 /* UserManager.swift */ = {isa = PBXFileReference; fileEncoding = 4; lastKnownFileType = sourcecode.swift; path = UserManager.swift; sourceTree = "<group>"; };
		F6082DB12802EBFC00F7C737 /* ApplicationStorage.swift */ = {isa = PBXFileReference; fileEncoding = 4; lastKnownFileType = sourcecode.swift; path = ApplicationStorage.swift; sourceTree = "<group>"; };
		F6082DB22802EBFC00F7C737 /* ObjectStorage.swift */ = {isa = PBXFileReference; fileEncoding = 4; lastKnownFileType = sourcecode.swift; path = ObjectStorage.swift; sourceTree = "<group>"; };
		F6082DB62802EC0F00F7C737 /* LoginResponse.swift */ = {isa = PBXFileReference; lastKnownFileType = sourcecode.swift; path = LoginResponse.swift; sourceTree = "<group>"; };
		F63E35502822C093007F4F25 /* UIDevice+ModelName.swift */ = {isa = PBXFileReference; fileEncoding = 4; lastKnownFileType = sourcecode.swift; path = "UIDevice+ModelName.swift"; sourceTree = "<group>"; };
		F63E35522822C129007F4F25 /* Bundle+AppVersion.swift */ = {isa = PBXFileReference; fileEncoding = 4; lastKnownFileType = sourcecode.swift; path = "Bundle+AppVersion.swift"; sourceTree = "<group>"; };
		F63E35552822D207007F4F25 /* PokemonFetchRequest.swift */ = {isa = PBXFileReference; fileEncoding = 4; lastKnownFileType = sourcecode.swift; path = PokemonFetchRequest.swift; sourceTree = "<group>"; };
		F63E35562822D207007F4F25 /* PokemonAPIClient.swift */ = {isa = PBXFileReference; fileEncoding = 4; lastKnownFileType = sourcecode.swift; path = PokemonAPIClient.swift; sourceTree = "<group>"; };
		F63E355A2822D28B007F4F25 /* Results.swift */ = {isa = PBXFileReference; lastKnownFileType = sourcecode.swift; path = Results.swift; sourceTree = "<group>"; };
		F63E355C2822D2AF007F4F25 /* Pokemons.swift */ = {isa = PBXFileReference; lastKnownFileType = sourcecode.swift; path = Pokemons.swift; sourceTree = "<group>"; };
		F6C0F4C927E63C08002D84E9 /* FacebookService.swift */ = {isa = PBXFileReference; lastKnownFileType = sourcecode.swift; path = FacebookService.swift; sourceTree = "<group>"; };
		F6C0F4CE27E63C39002D84E9 /* GoogleSignInService.swift */ = {isa = PBXFileReference; lastKnownFileType = sourcecode.swift; path = GoogleSignInService.swift; sourceTree = "<group>"; };
		F6C0F4D027E63C69002D84E9 /* Constants.swift */ = {isa = PBXFileReference; lastKnownFileType = sourcecode.swift; path = Constants.swift; sourceTree = "<group>"; };
		F6C0F4D627E64DF6002D84E9 /* BasicMVVMCoordinatorApp.entitlements */ = {isa = PBXFileReference; lastKnownFileType = text.plist.entitlements; path = BasicMVVMCoordinatorApp.entitlements; sourceTree = "<group>"; };
		F6D8610F27E5D2DA00B30F25 /* HomeCoordinator.swift */ = {isa = PBXFileReference; lastKnownFileType = sourcecode.swift; path = HomeCoordinator.swift; sourceTree = "<group>"; };
		F6D8611127E5D2E300B30F25 /* HomeCoordinatorOutput.swift */ = {isa = PBXFileReference; lastKnownFileType = sourcecode.swift; path = HomeCoordinatorOutput.swift; sourceTree = "<group>"; };
		F6D8611627E5D4BA00B30F25 /* HomeModuleFactory.swift */ = {isa = PBXFileReference; lastKnownFileType = sourcecode.swift; path = HomeModuleFactory.swift; sourceTree = "<group>"; };
		F6D8611827E5D4C400B30F25 /* HomeModuleFactoryType.swift */ = {isa = PBXFileReference; lastKnownFileType = sourcecode.swift; path = HomeModuleFactoryType.swift; sourceTree = "<group>"; };
		F6D8611A27E5D54700B30F25 /* HomeViewController.storyboard */ = {isa = PBXFileReference; lastKnownFileType = file.storyboard; path = HomeViewController.storyboard; sourceTree = "<group>"; };
		F6D8611C27E5D55400B30F25 /* HomeViewController.swift */ = {isa = PBXFileReference; lastKnownFileType = sourcecode.swift; path = HomeViewController.swift; sourceTree = "<group>"; };
		F6D8611E27E5D55B00B30F25 /* HomeViewModel.swift */ = {isa = PBXFileReference; lastKnownFileType = sourcecode.swift; path = HomeViewModel.swift; sourceTree = "<group>"; };
		F6D8612127E5DA6100B30F25 /* RegisterCoordinatorFactory.swift */ = {isa = PBXFileReference; lastKnownFileType = sourcecode.swift; path = RegisterCoordinatorFactory.swift; sourceTree = "<group>"; };
		F6D8612327E5DA6C00B30F25 /* RegisterCoordinatorFactoryType.swift */ = {isa = PBXFileReference; lastKnownFileType = sourcecode.swift; path = RegisterCoordinatorFactoryType.swift; sourceTree = "<group>"; };
		F6F1C3F72804406B00A7B5AC /* TabBarCoordinator.swift */ = {isa = PBXFileReference; lastKnownFileType = sourcecode.swift; path = TabBarCoordinator.swift; sourceTree = "<group>"; };
		F6F1C3F92804407200A7B5AC /* TabBarCoordinatorOutput.swift */ = {isa = PBXFileReference; lastKnownFileType = sourcecode.swift; path = TabBarCoordinatorOutput.swift; sourceTree = "<group>"; };
		F6F1C3FC280440FE00A7B5AC /* TabBarCoordinatorFactory.swift */ = {isa = PBXFileReference; lastKnownFileType = sourcecode.swift; path = TabBarCoordinatorFactory.swift; sourceTree = "<group>"; };
		F6F1C3FE2804410200A7B5AC /* TabBarCoordinatorFactoryType.swift */ = {isa = PBXFileReference; lastKnownFileType = sourcecode.swift; path = TabBarCoordinatorFactoryType.swift; sourceTree = "<group>"; };
		F6F1C4002804414D00A7B5AC /* TabBarModuleFactory.swift */ = {isa = PBXFileReference; lastKnownFileType = sourcecode.swift; path = TabBarModuleFactory.swift; sourceTree = "<group>"; };
		F6F1C4022804415100A7B5AC /* TabBarModuleFactoryType.swift */ = {isa = PBXFileReference; lastKnownFileType = sourcecode.swift; path = TabBarModuleFactoryType.swift; sourceTree = "<group>"; };
		F6F1C4042804482600A7B5AC /* String+Localized.swift */ = {isa = PBXFileReference; lastKnownFileType = sourcecode.swift; path = "String+Localized.swift"; sourceTree = "<group>"; };
		F6F1C4082804494300A7B5AC /* Language.swift */ = {isa = PBXFileReference; lastKnownFileType = sourcecode.swift; path = Language.swift; sourceTree = "<group>"; };
		F6F1C40E280466B200A7B5AC /* HomeCoordinatorFactory.swift */ = {isa = PBXFileReference; lastKnownFileType = sourcecode.swift; path = HomeCoordinatorFactory.swift; sourceTree = "<group>"; };
		F6F1C410280466B600A7B5AC /* HomeCoordinatorFactoryType.swift */ = {isa = PBXFileReference; lastKnownFileType = sourcecode.swift; path = HomeCoordinatorFactoryType.swift; sourceTree = "<group>"; };
		F6F1C4162804701F00A7B5AC /* ProfileCoordinator.swift */ = {isa = PBXFileReference; lastKnownFileType = sourcecode.swift; path = ProfileCoordinator.swift; sourceTree = "<group>"; };
		F6F1C4182804702400A7B5AC /* ProfileCoordinatorOutput.swift */ = {isa = PBXFileReference; lastKnownFileType = sourcecode.swift; path = ProfileCoordinatorOutput.swift; sourceTree = "<group>"; };
		F6F1C41A2804703700A7B5AC /* ProfileCoordinatorFactory.swift */ = {isa = PBXFileReference; lastKnownFileType = sourcecode.swift; path = ProfileCoordinatorFactory.swift; sourceTree = "<group>"; };
		F6F1C41C2804703C00A7B5AC /* ProfileCoordinatorFactoryType.swift */ = {isa = PBXFileReference; lastKnownFileType = sourcecode.swift; path = ProfileCoordinatorFactoryType.swift; sourceTree = "<group>"; };
		F6F1C41E2804704900A7B5AC /* ProfileModuleFactory.swift */ = {isa = PBXFileReference; lastKnownFileType = sourcecode.swift; path = ProfileModuleFactory.swift; sourceTree = "<group>"; };
		F6F1C4202804704C00A7B5AC /* ProfileModuleFactoryType.swift */ = {isa = PBXFileReference; lastKnownFileType = sourcecode.swift; path = ProfileModuleFactoryType.swift; sourceTree = "<group>"; };
		F6F1C4222804705400A7B5AC /* ProfileViewModel.swift */ = {isa = PBXFileReference; lastKnownFileType = sourcecode.swift; path = ProfileViewModel.swift; sourceTree = "<group>"; };
		F6F1C4242804705C00A7B5AC /* ProfileViewController.swift */ = {isa = PBXFileReference; lastKnownFileType = sourcecode.swift; path = ProfileViewController.swift; sourceTree = "<group>"; };
		F6F1C4262804706300A7B5AC /* ProfileViewController.storyboard */ = {isa = PBXFileReference; lastKnownFileType = file.storyboard; path = ProfileViewController.storyboard; sourceTree = "<group>"; };
		F6F1C428280473CC00A7B5AC /* ArticleCoordinator.swift */ = {isa = PBXFileReference; lastKnownFileType = sourcecode.swift; path = ArticleCoordinator.swift; sourceTree = "<group>"; };
		F6F1C42A280473D300A7B5AC /* ArticleCoordinatorOutput.swift */ = {isa = PBXFileReference; lastKnownFileType = sourcecode.swift; path = ArticleCoordinatorOutput.swift; sourceTree = "<group>"; };
		F6F1C42F280473F900A7B5AC /* ArticleViewModel.swift */ = {isa = PBXFileReference; lastKnownFileType = sourcecode.swift; path = ArticleViewModel.swift; sourceTree = "<group>"; };
		F6F1C4312804740400A7B5AC /* ArticleViewController.swift */ = {isa = PBXFileReference; lastKnownFileType = sourcecode.swift; path = ArticleViewController.swift; sourceTree = "<group>"; };
		F6F1C4332804740900A7B5AC /* ArticleViewController.storyboard */ = {isa = PBXFileReference; lastKnownFileType = file.storyboard; path = ArticleViewController.storyboard; sourceTree = "<group>"; };
		F6F1C4352804748A00A7B5AC /* ArticleModuleFactory.swift */ = {isa = PBXFileReference; lastKnownFileType = sourcecode.swift; path = ArticleModuleFactory.swift; sourceTree = "<group>"; };
		F6F1C4372804748E00A7B5AC /* ArticleModuleFactoryType.swift */ = {isa = PBXFileReference; lastKnownFileType = sourcecode.swift; path = ArticleModuleFactoryType.swift; sourceTree = "<group>"; };
		F6F1C439280474FF00A7B5AC /* ArticleCoordinatorFactory.swift */ = {isa = PBXFileReference; lastKnownFileType = sourcecode.swift; path = ArticleCoordinatorFactory.swift; sourceTree = "<group>"; };
		F6F1C43B2804752200A7B5AC /* ArticleCoordinatorFactoryType.swift */ = {isa = PBXFileReference; lastKnownFileType = sourcecode.swift; path = ArticleCoordinatorFactoryType.swift; sourceTree = "<group>"; };
		F6F1C43D2804B65E00A7B5AC /* UITabBarController + Extensions.swift */ = {isa = PBXFileReference; lastKnownFileType = sourcecode.swift; path = "UITabBarController + Extensions.swift"; sourceTree = "<group>"; };
		F6F3BF4D27D6223600ED06B9 /* RegisterModuleFactory.swift */ = {isa = PBXFileReference; fileEncoding = 4; lastKnownFileType = sourcecode.swift; path = RegisterModuleFactory.swift; sourceTree = "<group>"; };
		F6F3BF4E27D6223600ED06B9 /* RegisterModuleFactoryType.swift */ = {isa = PBXFileReference; fileEncoding = 4; lastKnownFileType = sourcecode.swift; path = RegisterModuleFactoryType.swift; sourceTree = "<group>"; };
		F6F3BF5127D6223F00ED06B9 /* RegisterCoordinator.swift */ = {isa = PBXFileReference; fileEncoding = 4; lastKnownFileType = sourcecode.swift; path = RegisterCoordinator.swift; sourceTree = "<group>"; };
		F6F3BF5227D6223F00ED06B9 /* RegisterCoordinatorOutput.swift */ = {isa = PBXFileReference; fileEncoding = 4; lastKnownFileType = sourcecode.swift; path = RegisterCoordinatorOutput.swift; sourceTree = "<group>"; };
		F6F3BF5927D6229400ED06B9 /* RegisterViewModel.swift */ = {isa = PBXFileReference; lastKnownFileType = sourcecode.swift; path = RegisterViewModel.swift; sourceTree = "<group>"; };
		F6F3BF5B27D622AE00ED06B9 /* RegisterViewController.swift */ = {isa = PBXFileReference; lastKnownFileType = sourcecode.swift; path = RegisterViewController.swift; sourceTree = "<group>"; };
		F6F3BF5D27D622C800ED06B9 /* RegisterViewController.storyboard */ = {isa = PBXFileReference; lastKnownFileType = file.storyboard; path = RegisterViewController.storyboard; sourceTree = "<group>"; };
		F6F3BF5F27D622E400ED06B9 /* LoginViewModel.swift */ = {isa = PBXFileReference; lastKnownFileType = sourcecode.swift; path = LoginViewModel.swift; sourceTree = "<group>"; };
		F6F3BF6127D622F800ED06B9 /* LoginViewController.swift */ = {isa = PBXFileReference; lastKnownFileType = sourcecode.swift; path = LoginViewController.swift; sourceTree = "<group>"; };
		F6F3BF6327D6232000ED06B9 /* LoginViewController.storyboard */ = {isa = PBXFileReference; lastKnownFileType = file.storyboard; path = LoginViewController.storyboard; sourceTree = "<group>"; };
		F6F3BF6627D628DB00ED06B9 /* AppCoordinatorFactory.swift */ = {isa = PBXFileReference; fileEncoding = 4; lastKnownFileType = sourcecode.swift; path = AppCoordinatorFactory.swift; sourceTree = "<group>"; };
		F6F3BF6727D628DB00ED06B9 /* AppCoordinatorFactoryType.swift */ = {isa = PBXFileReference; fileEncoding = 4; lastKnownFileType = sourcecode.swift; path = AppCoordinatorFactoryType.swift; sourceTree = "<group>"; };
		F6F3BF6A27D63CF300ED06B9 /* CustomNavigationController.swift */ = {isa = PBXFileReference; fileEncoding = 4; lastKnownFileType = sourcecode.swift; path = CustomNavigationController.swift; sourceTree = "<group>"; };
		F6F3BF6C27D63D3900ED06B9 /* Fonts.swift */ = {isa = PBXFileReference; fileEncoding = 4; lastKnownFileType = sourcecode.swift; path = Fonts.swift; sourceTree = "<group>"; };
		F6F3BF6F27D63D5500ED06B9 /* Poppins-ExtraLight.ttf */ = {isa = PBXFileReference; lastKnownFileType = file; path = "Poppins-ExtraLight.ttf"; sourceTree = "<group>"; };
		F6F3BF7027D63D5500ED06B9 /* Poppins-Light.ttf */ = {isa = PBXFileReference; lastKnownFileType = file; path = "Poppins-Light.ttf"; sourceTree = "<group>"; };
		F6F3BF7127D63D5500ED06B9 /* Poppins-Medium.ttf */ = {isa = PBXFileReference; lastKnownFileType = file; path = "Poppins-Medium.ttf"; sourceTree = "<group>"; };
		F6F3BF7227D63D5500ED06B9 /* Poppins-ExtraBold.ttf */ = {isa = PBXFileReference; lastKnownFileType = file; path = "Poppins-ExtraBold.ttf"; sourceTree = "<group>"; };
		F6F3BF7327D63D5500ED06B9 /* Poppins-Regular.ttf */ = {isa = PBXFileReference; lastKnownFileType = file; path = "Poppins-Regular.ttf"; sourceTree = "<group>"; };
		F6F3BF7427D63D5500ED06B9 /* Poppins-Bold.ttf */ = {isa = PBXFileReference; lastKnownFileType = file; path = "Poppins-Bold.ttf"; sourceTree = "<group>"; };
		F6F3BF7527D63D5500ED06B9 /* Poppins-Thin.ttf */ = {isa = PBXFileReference; lastKnownFileType = file; path = "Poppins-Thin.ttf"; sourceTree = "<group>"; };
		F6F3BF7627D63D5500ED06B9 /* Poppins-SemiBold.ttf */ = {isa = PBXFileReference; lastKnownFileType = file; path = "Poppins-SemiBold.ttf"; sourceTree = "<group>"; };
		F6F3BF7F27D6473700ED06B9 /* UIApplication + getTopController.swift */ = {isa = PBXFileReference; lastKnownFileType = sourcecode.swift; path = "UIApplication + getTopController.swift"; sourceTree = "<group>"; };
		F6F3BF8127D64AAB00ED06B9 /* FacebookLoginResponse.swift */ = {isa = PBXFileReference; lastKnownFileType = sourcecode.swift; path = FacebookLoginResponse.swift; sourceTree = "<group>"; };
		F6F3BF8327D64C1B00ED06B9 /* Dictionary + Extensions.swift */ = {isa = PBXFileReference; lastKnownFileType = sourcecode.swift; path = "Dictionary + Extensions.swift"; sourceTree = "<group>"; };
		F6F4A26C28155AB700D603C9 /* APIInterceptor.swift */ = {isa = PBXFileReference; fileEncoding = 4; lastKnownFileType = sourcecode.swift; path = APIInterceptor.swift; sourceTree = "<group>"; };
		F6F4A26D28155AB700D603C9 /* APIError.swift */ = {isa = PBXFileReference; fileEncoding = 4; lastKnownFileType = sourcecode.swift; path = APIError.swift; sourceTree = "<group>"; };
		F6F4A26E28155AB700D603C9 /* APIClient.swift */ = {isa = PBXFileReference; fileEncoding = 4; lastKnownFileType = sourcecode.swift; path = APIClient.swift; sourceTree = "<group>"; };
		F6F4A27128155AB700D603C9 /* PaginatedRequest.swift */ = {isa = PBXFileReference; fileEncoding = 4; lastKnownFileType = sourcecode.swift; path = PaginatedRequest.swift; sourceTree = "<group>"; };
		F6F4A27228155AB700D603C9 /* RequestParams.swift */ = {isa = PBXFileReference; fileEncoding = 4; lastKnownFileType = sourcecode.swift; path = RequestParams.swift; sourceTree = "<group>"; };
		F6F4A27328155AB700D603C9 /* HTTPMethod.swift */ = {isa = PBXFileReference; fileEncoding = 4; lastKnownFileType = sourcecode.swift; path = HTTPMethod.swift; sourceTree = "<group>"; };
		F6F4A27428155AB700D603C9 /* ResponseType.swift */ = {isa = PBXFileReference; fileEncoding = 4; lastKnownFileType = sourcecode.swift; path = ResponseType.swift; sourceTree = "<group>"; };
		F6F4A27528155AB700D603C9 /* Request.swift */ = {isa = PBXFileReference; fileEncoding = 4; lastKnownFileType = sourcecode.swift; path = Request.swift; sourceTree = "<group>"; };
		F6F4A27628155AB700D603C9 /* AuthorizedRequest.swift */ = {isa = PBXFileReference; fileEncoding = 4; lastKnownFileType = sourcecode.swift; path = AuthorizedRequest.swift; sourceTree = "<group>"; };
		F6F4A27728155AB700D603C9 /* ConnectivityMonitor.swift */ = {isa = PBXFileReference; fileEncoding = 4; lastKnownFileType = sourcecode.swift; path = ConnectivityMonitor.swift; sourceTree = "<group>"; };
		F6F4A28A28155D9F00D603C9 /* DRMTokenRequest.swift */ = {isa = PBXFileReference; fileEncoding = 4; lastKnownFileType = sourcecode.swift; path = DRMTokenRequest.swift; sourceTree = "<group>"; };
		F6F4A28B28155D9F00D603C9 /* DRMTokenManager.swift */ = {isa = PBXFileReference; fileEncoding = 4; lastKnownFileType = sourcecode.swift; path = DRMTokenManager.swift; sourceTree = "<group>"; };
		F6F4A28C28155D9F00D603C9 /* DRMTokenParser.swift */ = {isa = PBXFileReference; fileEncoding = 4; lastKnownFileType = sourcecode.swift; path = DRMTokenParser.swift; sourceTree = "<group>"; };
		FF9F03D748E35BA8037411C1 /* Pods-BasicMVVMCoordinatorApp-BasicMVVMCoordinatorAppUITests.release.xcconfig */ = {isa = PBXFileReference; includeInIndex = 1; lastKnownFileType = text.xcconfig; name = "Pods-BasicMVVMCoordinatorApp-BasicMVVMCoordinatorAppUITests.release.xcconfig"; path = "Target Support Files/Pods-BasicMVVMCoordinatorApp-BasicMVVMCoordinatorAppUITests/Pods-BasicMVVMCoordinatorApp-BasicMVVMCoordinatorAppUITests.release.xcconfig"; sourceTree = "<group>"; };
/* End PBXFileReference section */

/* Begin PBXFrameworksBuildPhase section */
		F602BEDB27D4B16400DCEF1B /* Frameworks */ = {
			isa = PBXFrameworksBuildPhase;
			buildActionMask = 2147483647;
			files = (
				29E8F686D711D4EB5A5B4F03 /* Pods_BasicMVVMCoordinatorApp.framework in Frameworks */,
			);
			runOnlyForDeploymentPostprocessing = 0;
		};
		F602BEF127D4B16500DCEF1B /* Frameworks */ = {
			isa = PBXFrameworksBuildPhase;
			buildActionMask = 2147483647;
			files = (
				A6A9716400F8786CC3141133 /* Pods_BasicMVVMCoordinatorAppTests.framework in Frameworks */,
			);
			runOnlyForDeploymentPostprocessing = 0;
		};
		F602BEFB27D4B16500DCEF1B /* Frameworks */ = {
			isa = PBXFrameworksBuildPhase;
			buildActionMask = 2147483647;
			files = (
				EAB7417820CAEE7FDF13002E /* Pods_BasicMVVMCoordinatorApp_BasicMVVMCoordinatorAppUITests.framework in Frameworks */,
			);
			runOnlyForDeploymentPostprocessing = 0;
		};
/* End PBXFrameworksBuildPhase section */

/* Begin PBXGroup section */
		14D92BE84E80954BB3D2250A /* Frameworks */ = {
			isa = PBXGroup;
			children = (
				8AF40976BD66E3009818A4F0 /* Pods_BasicMVVMCoordinatorApp.framework */,
				568917B1C1067249F87AAFBC /* Pods_BasicMVVMCoordinatorApp_BasicMVVMCoordinatorAppUITests.framework */,
				CD118BC59D36D7A55056F49B /* Pods_BasicMVVMCoordinatorAppTests.framework */,
			);
			name = Frameworks;
			sourceTree = "<group>";
		};
		E0381ECC21C8A906CAA712BD /* Pods */ = {
			isa = PBXGroup;
			children = (
				610EDB2BE276D01A8BE4991C /* Pods-BasicMVVMCoordinatorApp.debug.xcconfig */,
				BB18308EF66B379DC01B841D /* Pods-BasicMVVMCoordinatorApp.release.xcconfig */,
				329C2F0FFED78D7DF84BE781 /* Pods-BasicMVVMCoordinatorApp-BasicMVVMCoordinatorAppUITests.debug.xcconfig */,
				FF9F03D748E35BA8037411C1 /* Pods-BasicMVVMCoordinatorApp-BasicMVVMCoordinatorAppUITests.release.xcconfig */,
				47A51257FF9AE75A80EE7706 /* Pods-BasicMVVMCoordinatorAppTests.debug.xcconfig */,
				5C20DFC2BFD19C3ADCE9DABD /* Pods-BasicMVVMCoordinatorAppTests.release.xcconfig */,
			);
			path = Pods;
			sourceTree = "<group>";
		};
		F602BED527D4B16400DCEF1B = {
			isa = PBXGroup;
			children = (
				F602BEE027D4B16400DCEF1B /* BasicMVVMCoordinatorApp */,
				F602BEF727D4B16500DCEF1B /* BasicMVVMCoordinatorAppTests */,
				F602BF0127D4B16500DCEF1B /* BasicMVVMCoordinatorAppUITests */,
				F602BEDF27D4B16400DCEF1B /* Products */,
				E0381ECC21C8A906CAA712BD /* Pods */,
				14D92BE84E80954BB3D2250A /* Frameworks */,
			);
			sourceTree = "<group>";
		};
		F602BEDF27D4B16400DCEF1B /* Products */ = {
			isa = PBXGroup;
			children = (
				F602BEDE27D4B16400DCEF1B /* BasicMVVMCoordinatorApp.app */,
				F602BEF427D4B16500DCEF1B /* BasicMVVMCoordinatorAppTests.xctest */,
				F602BEFE27D4B16500DCEF1B /* BasicMVVMCoordinatorAppUITests.xctest */,
			);
			name = Products;
			sourceTree = "<group>";
		};
		F602BEE027D4B16400DCEF1B /* BasicMVVMCoordinatorApp */ = {
			isa = PBXGroup;
			children = (
				F6C0F4D627E64DF6002D84E9 /* BasicMVVMCoordinatorApp.entitlements */,
				F602BF5127D4C2F200DCEF1B /* Dependencies */,
				F602BF1627D4BB8C00DCEF1B /* Services */,
				F6F4A26B28155AA300D603C9 /* Network */,
				F602BF2C27D4BE7200DCEF1B /* Protocols */,
				F602BF1327D4BB7900DCEF1B /* Application */,
				F602BF1727D4BB9000DCEF1B /* Coordinators */,
				F602BF1927D4BBA200DCEF1B /* Flows */,
				F602BF1527D4BB8500DCEF1B /* Utilities */,
				F602BF1127D4BB6A00DCEF1B /* Models */,
				F602BF1227D4BB7200DCEF1B /* Constants */,
				F602BF1B27D4BBB400DCEF1B /* Resources */,
				F602BF1A27D4BBA800DCEF1B /* Extensions */,
				F602BEE727D4B16400DCEF1B /* Main.storyboard */,
				F602BEEA27D4B16500DCEF1B /* Assets.xcassets */,
				F602BEEC27D4B16500DCEF1B /* LaunchScreen.storyboard */,
				F602BEEF27D4B16500DCEF1B /* Info.plist */,
			);
			path = BasicMVVMCoordinatorApp;
			sourceTree = "<group>";
		};
		F602BEF727D4B16500DCEF1B /* BasicMVVMCoordinatorAppTests */ = {
			isa = PBXGroup;
			children = (
				F602BEF827D4B16500DCEF1B /* BasicMVVMCoordinatorAppTests.swift */,
			);
			path = BasicMVVMCoordinatorAppTests;
			sourceTree = "<group>";
		};
		F602BF0127D4B16500DCEF1B /* BasicMVVMCoordinatorAppUITests */ = {
			isa = PBXGroup;
			children = (
				F602BF0227D4B16500DCEF1B /* BasicMVVMCoordinatorAppUITests.swift */,
				F602BF0427D4B16500DCEF1B /* BasicMVVMCoordinatorAppUITestsLaunchTests.swift */,
			);
			path = BasicMVVMCoordinatorAppUITests;
			sourceTree = "<group>";
		};
		F602BF1127D4BB6A00DCEF1B /* Models */ = {
			isa = PBXGroup;
			children = (
				F6F3BF8127D64AAB00ED06B9 /* FacebookLoginResponse.swift */,
				F6082DB62802EC0F00F7C737 /* LoginResponse.swift */,
			);
			path = Models;
			sourceTree = "<group>";
		};
		F602BF1227D4BB7200DCEF1B /* Constants */ = {
			isa = PBXGroup;
			children = (
				F6C0F4D027E63C69002D84E9 /* Constants.swift */,
			);
			path = Constants;
			sourceTree = "<group>";
		};
		F602BF1327D4BB7900DCEF1B /* Application */ = {
			isa = PBXGroup;
			children = (
				F6082DAF2802EBFC00F7C737 /* Storage */,
				F6F3BF6A27D63CF300ED06B9 /* CustomNavigationController.swift */,
				F602BEE127D4B16400DCEF1B /* AppDelegate.swift */,
				F602BEE327D4B16400DCEF1B /* SceneDelegate.swift */,
				F602BF5627D4C44E00DCEF1B /* DependencyProvider.swift */,
			);
			path = Application;
			sourceTree = "<group>";
		};
		F602BF1427D4BB7F00DCEF1B /* Protocols */ = {
			isa = PBXGroup;
			children = (
				F602BF1D27D4BE1300DCEF1B /* Coordinator.swift */,
				F602BF1C27D4BE1300DCEF1B /* CoordinatorType.swift */,
				F602BF1E27D4BE1300DCEF1B /* Presentable.swift */,
				F602BF2027D4BE1300DCEF1B /* RouterType.swift */,
			);
			path = Protocols;
			sourceTree = "<group>";
		};
		F602BF1527D4BB8500DCEF1B /* Utilities */ = {
			isa = PBXGroup;
			children = (
				F6F4A28928155D9F00D603C9 /* DRMToken */,
				F6F3BF6C27D63D3900ED06B9 /* Fonts.swift */,
			);
			path = Utilities;
			sourceTree = "<group>";
		};
		F602BF1627D4BB8C00DCEF1B /* Services */ = {
			isa = PBXGroup;
			children = (
				F6F1C4072804493C00A7B5AC /* LanguageManager */,
				F6C0F4CD27E63C28002D84E9 /* GoogleSignInService */,
				F6C0F4CC27E63C19002D84E9 /* NetworkService */,
				F6C0F4CB27E63C10002D84E9 /* FacebookService */,
			);
			path = Services;
			sourceTree = "<group>";
		};
		F602BF1727D4BB9000DCEF1B /* Coordinators */ = {
			isa = PBXGroup;
			children = (
				F602BF1427D4BB7F00DCEF1B /* Protocols */,
				F602BF2627D4BE3700DCEF1B /* BaseCoordinator.swift */,
				F602BF2727D4BE3800DCEF1B /* Router.swift */,
			);
			path = Coordinators;
			sourceTree = "<group>";
		};
		F602BF1927D4BBA200DCEF1B /* Flows */ = {
			isa = PBXGroup;
			children = (
				F6F1C40C2804667F00A7B5AC /* ArticlesFlow */,
				F6F1C40B2804667800A7B5AC /* ProfileFlow */,
				F6F1C3F428043DA100A7B5AC /* TabBarFlow */,
				F6D8610E27E5D2B900B30F25 /* HomeFlow */,
				F6F3BF4C27D6222900ED06B9 /* RegisterFlow */,
				F602BF4A27D4C1B200DCEF1B /* MainFlow */,
				F602BF2F27D4BF8B00DCEF1B /* AppMainFlow */,
			);
			path = Flows;
			sourceTree = "<group>";
		};
		F602BF1A27D4BBA800DCEF1B /* Extensions */ = {
			isa = PBXGroup;
			children = (
				F63E35522822C129007F4F25 /* Bundle+AppVersion.swift */,
				F63E35502822C093007F4F25 /* UIDevice+ModelName.swift */,
				F6F3BF7F27D6473700ED06B9 /* UIApplication + getTopController.swift */,
				F6F3BF8327D64C1B00ED06B9 /* Dictionary + Extensions.swift */,
				F6F1C4042804482600A7B5AC /* String+Localized.swift */,
				F6F1C43D2804B65E00A7B5AC /* UITabBarController + Extensions.swift */,
			);
			path = Extensions;
			sourceTree = "<group>";
		};
		F602BF1B27D4BBB400DCEF1B /* Resources */ = {
			isa = PBXGroup;
			children = (
				F6F3BF6E27D63D5500ED06B9 /* Fonts */,
			);
			path = Resources;
			sourceTree = "<group>";
		};
		F602BF2C27D4BE7200DCEF1B /* Protocols */ = {
			isa = PBXGroup;
			children = (
				F602BF1F27D4BE1300DCEF1B /* StoryboardLoadable.swift */,
				F602BF2D27D4BE7F00DCEF1B /* CellIdentifiable.swift */,
			);
			path = Protocols;
			sourceTree = "<group>";
		};
		F602BF2F27D4BF8B00DCEF1B /* AppMainFlow */ = {
			isa = PBXGroup;
			children = (
				F602BF3027D4BFA100DCEF1B /* AppCoordinator.swift */,
				F6F3BF6527D628D200ED06B9 /* CoordinatorFactory */,
				F602BF3727D4BFE800DCEF1B /* ModuleFactory */,
			);
			path = AppMainFlow;
			sourceTree = "<group>";
		};
		F602BF3727D4BFE800DCEF1B /* ModuleFactory */ = {
			isa = PBXGroup;
			children = (
				F602BF3827D4BFE800DCEF1B /* AppModuleFactoryType.swift */,
				F602BF3927D4BFE800DCEF1B /* AppModuleFactory.swift */,
			);
			path = ModuleFactory;
			sourceTree = "<group>";
		};
		F602BF4A27D4C1B200DCEF1B /* MainFlow */ = {
			isa = PBXGroup;
			children = (
				F602BF4F27D4C1E000DCEF1B /* MainViewModel.swift */,
				F602BF5C27D4CB0D00DCEF1B /* MainViewController.swift */,
				F602BF5E27D4CB1A00DCEF1B /* MainViewController.storyboard */,
			);
			path = MainFlow;
			sourceTree = "<group>";
		};
		F602BF5127D4C2F200DCEF1B /* Dependencies */ = {
			isa = PBXGroup;
			children = (
				F602BF5227D4C2FE00DCEF1B /* HasNetworkService.swift */,
			);
			path = Dependencies;
			sourceTree = "<group>";
		};
		F6082DAF2802EBFC00F7C737 /* Storage */ = {
			isa = PBXGroup;
			children = (
				F6082DB02802EBFC00F7C737 /* UserManager.swift */,
				F6082DB12802EBFC00F7C737 /* ApplicationStorage.swift */,
				F6082DB22802EBFC00F7C737 /* ObjectStorage.swift */,
			);
			path = Storage;
			sourceTree = "<group>";
		};
		F63E35542822D207007F4F25 /* Request */ = {
			isa = PBXGroup;
			children = (
				F63E35552822D207007F4F25 /* PokemonFetchRequest.swift */,
				F63E35562822D207007F4F25 /* PokemonAPIClient.swift */,
			);
			path = Request;
			sourceTree = "<group>";
		};
		F63E35592822D224007F4F25 /* Models */ = {
			isa = PBXGroup;
			children = (
				F63E355A2822D28B007F4F25 /* Results.swift */,
				F63E355C2822D2AF007F4F25 /* Pokemons.swift */,
			);
			path = Models;
			sourceTree = "<group>";
		};
		F6C0F4CB27E63C10002D84E9 /* FacebookService */ = {
			isa = PBXGroup;
			children = (
				F6C0F4C927E63C08002D84E9 /* FacebookService.swift */,
			);
			path = FacebookService;
			sourceTree = "<group>";
		};
		F6C0F4CC27E63C19002D84E9 /* NetworkService */ = {
			isa = PBXGroup;
			children = (
				F602BF5427D4C33400DCEF1B /* NetworkService.swift */,
				F602BF5827D4C59900DCEF1B /* BasicNetworkService.swift */,
			);
			path = NetworkService;
			sourceTree = "<group>";
		};
		F6C0F4CD27E63C28002D84E9 /* GoogleSignInService */ = {
			isa = PBXGroup;
			children = (
				F6C0F4CE27E63C39002D84E9 /* GoogleSignInService.swift */,
			);
			path = GoogleSignInService;
			sourceTree = "<group>";
		};
		F6D8610E27E5D2B900B30F25 /* HomeFlow */ = {
			isa = PBXGroup;
			children = (
				F6F1C40D280466A700A7B5AC /* CoordinatorFactory */,
				F6D8611427E5D46C00B30F25 /* Modules */,
				F6D8611327E5D46500B30F25 /* ModuleFactory */,
				F6D8610F27E5D2DA00B30F25 /* HomeCoordinator.swift */,
				F6D8611127E5D2E300B30F25 /* HomeCoordinatorOutput.swift */,
			);
			path = HomeFlow;
			sourceTree = "<group>";
		};
		F6D8611327E5D46500B30F25 /* ModuleFactory */ = {
			isa = PBXGroup;
			children = (
				F6D8611627E5D4BA00B30F25 /* HomeModuleFactory.swift */,
				F6D8611827E5D4C400B30F25 /* HomeModuleFactoryType.swift */,
			);
			path = ModuleFactory;
			sourceTree = "<group>";
		};
		F6D8611427E5D46C00B30F25 /* Modules */ = {
			isa = PBXGroup;
			children = (
				F6D8611A27E5D54700B30F25 /* HomeViewController.storyboard */,
				F6D8611C27E5D55400B30F25 /* HomeViewController.swift */,
				F6D8611E27E5D55B00B30F25 /* HomeViewModel.swift */,
			);
			path = Modules;
			sourceTree = "<group>";
		};
		F6D8612027E5DA4F00B30F25 /* CoordinatorFactory */ = {
			isa = PBXGroup;
			children = (
				F6D8612127E5DA6100B30F25 /* RegisterCoordinatorFactory.swift */,
				F6D8612327E5DA6C00B30F25 /* RegisterCoordinatorFactoryType.swift */,
			);
			path = CoordinatorFactory;
			sourceTree = "<group>";
		};
		F6F1C3F428043DA100A7B5AC /* TabBarFlow */ = {
			isa = PBXGroup;
			children = (
				F6F1C3FB280440A600A7B5AC /* CoordinatorFactory */,
				F6F1C3F628043DF500A7B5AC /* ModuleFactory */,
				F6F1C3F528043DEA00A7B5AC /* Modules */,
				F6F1C3F72804406B00A7B5AC /* TabBarCoordinator.swift */,
				F6F1C3F92804407200A7B5AC /* TabBarCoordinatorOutput.swift */,
			);
			path = TabBarFlow;
			sourceTree = "<group>";
		};
		F6F1C3F528043DEA00A7B5AC /* Modules */ = {
			isa = PBXGroup;
			children = (
			);
			path = Modules;
			sourceTree = "<group>";
		};
		F6F1C3F628043DF500A7B5AC /* ModuleFactory */ = {
			isa = PBXGroup;
			children = (
				F6F1C4002804414D00A7B5AC /* TabBarModuleFactory.swift */,
				F6F1C4022804415100A7B5AC /* TabBarModuleFactoryType.swift */,
			);
			path = ModuleFactory;
			sourceTree = "<group>";
		};
		F6F1C3FB280440A600A7B5AC /* CoordinatorFactory */ = {
			isa = PBXGroup;
			children = (
				F6F1C3FC280440FE00A7B5AC /* TabBarCoordinatorFactory.swift */,
				F6F1C3FE2804410200A7B5AC /* TabBarCoordinatorFactoryType.swift */,
			);
			path = CoordinatorFactory;
			sourceTree = "<group>";
		};
		F6F1C4072804493C00A7B5AC /* LanguageManager */ = {
			isa = PBXGroup;
			children = (
				F6F1C4082804494300A7B5AC /* Language.swift */,
			);
			path = LanguageManager;
			sourceTree = "<group>";
		};
		F6F1C40B2804667800A7B5AC /* ProfileFlow */ = {
			isa = PBXGroup;
			children = (
				F6F1C4142804701000A7B5AC /* Modules */,
				F6F1C4132804700700A7B5AC /* ModuleFactory */,
				F6F1C41228046FEF00A7B5AC /* CoordinatorFactory */,
				F6F1C4162804701F00A7B5AC /* ProfileCoordinator.swift */,
				F6F1C4182804702400A7B5AC /* ProfileCoordinatorOutput.swift */,
			);
			path = ProfileFlow;
			sourceTree = "<group>";
		};
		F6F1C40C2804667F00A7B5AC /* ArticlesFlow */ = {
			isa = PBXGroup;
			children = (
				F63E35592822D224007F4F25 /* Models */,
				F63E35542822D207007F4F25 /* Request */,
				F6F1C42E280473E600A7B5AC /* CoordinatorFactory */,
				F6F1C42D280473DF00A7B5AC /* ModuleFactory */,
				F6F1C42C280473D800A7B5AC /* Modules */,
				F6F1C428280473CC00A7B5AC /* ArticleCoordinator.swift */,
				F6F1C42A280473D300A7B5AC /* ArticleCoordinatorOutput.swift */,
			);
			path = ArticlesFlow;
			sourceTree = "<group>";
		};
		F6F1C40D280466A700A7B5AC /* CoordinatorFactory */ = {
			isa = PBXGroup;
			children = (
				F6F1C40E280466B200A7B5AC /* HomeCoordinatorFactory.swift */,
				F6F1C410280466B600A7B5AC /* HomeCoordinatorFactoryType.swift */,
			);
			path = CoordinatorFactory;
			sourceTree = "<group>";
		};
		F6F1C41228046FEF00A7B5AC /* CoordinatorFactory */ = {
			isa = PBXGroup;
			children = (
				F6F1C41A2804703700A7B5AC /* ProfileCoordinatorFactory.swift */,
				F6F1C41C2804703C00A7B5AC /* ProfileCoordinatorFactoryType.swift */,
			);
			path = CoordinatorFactory;
			sourceTree = "<group>";
		};
		F6F1C4132804700700A7B5AC /* ModuleFactory */ = {
			isa = PBXGroup;
			children = (
				F6F1C41E2804704900A7B5AC /* ProfileModuleFactory.swift */,
				F6F1C4202804704C00A7B5AC /* ProfileModuleFactoryType.swift */,
			);
			path = ModuleFactory;
			sourceTree = "<group>";
		};
		F6F1C4142804701000A7B5AC /* Modules */ = {
			isa = PBXGroup;
			children = (
				F6F1C4222804705400A7B5AC /* ProfileViewModel.swift */,
				F6F1C4242804705C00A7B5AC /* ProfileViewController.swift */,
				F6F1C4262804706300A7B5AC /* ProfileViewController.storyboard */,
			);
			path = Modules;
			sourceTree = "<group>";
		};
		F6F1C42C280473D800A7B5AC /* Modules */ = {
			isa = PBXGroup;
			children = (
				F6F1C42F280473F900A7B5AC /* ArticleViewModel.swift */,
				F6F1C4312804740400A7B5AC /* ArticleViewController.swift */,
				F6F1C4332804740900A7B5AC /* ArticleViewController.storyboard */,
			);
			path = Modules;
			sourceTree = "<group>";
		};
		F6F1C42D280473DF00A7B5AC /* ModuleFactory */ = {
			isa = PBXGroup;
			children = (
				F6F1C4352804748A00A7B5AC /* ArticleModuleFactory.swift */,
				F6F1C4372804748E00A7B5AC /* ArticleModuleFactoryType.swift */,
			);
			path = ModuleFactory;
			sourceTree = "<group>";
		};
		F6F1C42E280473E600A7B5AC /* CoordinatorFactory */ = {
			isa = PBXGroup;
			children = (
				F6F1C439280474FF00A7B5AC /* ArticleCoordinatorFactory.swift */,
				F6F1C43B2804752200A7B5AC /* ArticleCoordinatorFactoryType.swift */,
			);
			path = CoordinatorFactory;
			sourceTree = "<group>";
		};
		F6F3BF4C27D6222900ED06B9 /* RegisterFlow */ = {
			isa = PBXGroup;
			children = (
				F6F3BF5127D6223F00ED06B9 /* RegisterCoordinator.swift */,
				F6F3BF5227D6223F00ED06B9 /* RegisterCoordinatorOutput.swift */,
				F6F3BF5727D6227F00ED06B9 /* Modules */,
				F6D8612027E5DA4F00B30F25 /* CoordinatorFactory */,
				F6F3BF5527D6225000ED06B9 /* ModuleFactory */,
			);
			path = RegisterFlow;
			sourceTree = "<group>";
		};
		F6F3BF5527D6225000ED06B9 /* ModuleFactory */ = {
			isa = PBXGroup;
			children = (
				F6F3BF4D27D6223600ED06B9 /* RegisterModuleFactory.swift */,
				F6F3BF4E27D6223600ED06B9 /* RegisterModuleFactoryType.swift */,
			);
			path = ModuleFactory;
			sourceTree = "<group>";
		};
		F6F3BF5627D6226400ED06B9 /* RegisterViewController */ = {
			isa = PBXGroup;
			children = (
				F6F3BF5927D6229400ED06B9 /* RegisterViewModel.swift */,
				F6F3BF5B27D622AE00ED06B9 /* RegisterViewController.swift */,
				F6F3BF5D27D622C800ED06B9 /* RegisterViewController.storyboard */,
			);
			path = RegisterViewController;
			sourceTree = "<group>";
		};
		F6F3BF5727D6227F00ED06B9 /* Modules */ = {
			isa = PBXGroup;
			children = (
				F6F3BF5827D6228800ED06B9 /* LoginViewController */,
				F6F3BF5627D6226400ED06B9 /* RegisterViewController */,
			);
			path = Modules;
			sourceTree = "<group>";
		};
		F6F3BF5827D6228800ED06B9 /* LoginViewController */ = {
			isa = PBXGroup;
			children = (
				F6F3BF6127D622F800ED06B9 /* LoginViewController.swift */,
				F6F3BF6327D6232000ED06B9 /* LoginViewController.storyboard */,
				F6F3BF5F27D622E400ED06B9 /* LoginViewModel.swift */,
			);
			path = LoginViewController;
			sourceTree = "<group>";
		};
		F6F3BF6527D628D200ED06B9 /* CoordinatorFactory */ = {
			isa = PBXGroup;
			children = (
				F6F3BF6627D628DB00ED06B9 /* AppCoordinatorFactory.swift */,
				F6F3BF6727D628DB00ED06B9 /* AppCoordinatorFactoryType.swift */,
			);
			path = CoordinatorFactory;
			sourceTree = "<group>";
		};
		F6F3BF6E27D63D5500ED06B9 /* Fonts */ = {
			isa = PBXGroup;
			children = (
				F6F3BF6F27D63D5500ED06B9 /* Poppins-ExtraLight.ttf */,
				F6F3BF7027D63D5500ED06B9 /* Poppins-Light.ttf */,
				F6F3BF7127D63D5500ED06B9 /* Poppins-Medium.ttf */,
				F6F3BF7227D63D5500ED06B9 /* Poppins-ExtraBold.ttf */,
				F6F3BF7327D63D5500ED06B9 /* Poppins-Regular.ttf */,
				F6F3BF7427D63D5500ED06B9 /* Poppins-Bold.ttf */,
				F6F3BF7527D63D5500ED06B9 /* Poppins-Thin.ttf */,
				F6F3BF7627D63D5500ED06B9 /* Poppins-SemiBold.ttf */,
			);
			path = Fonts;
			sourceTree = "<group>";
		};
		F6F4A26B28155AA300D603C9 /* Network */ = {
			isa = PBXGroup;
			children = (
				F6F4A26F28155AB700D603C9 /* Request */,
				F6F4A26E28155AB700D603C9 /* APIClient.swift */,
				F6F4A26D28155AB700D603C9 /* APIError.swift */,
				F6F4A26C28155AB700D603C9 /* APIInterceptor.swift */,
				F6F4A27728155AB700D603C9 /* ConnectivityMonitor.swift */,
			);
			path = Network;
			sourceTree = "<group>";
		};
		F6F4A26F28155AB700D603C9 /* Request */ = {
			isa = PBXGroup;
			children = (
				F6F4A27028155AB700D603C9 /* Protocols */,
			);
			path = Request;
			sourceTree = "<group>";
		};
		F6F4A27028155AB700D603C9 /* Protocols */ = {
			isa = PBXGroup;
			children = (
				F6F4A27128155AB700D603C9 /* PaginatedRequest.swift */,
				F6F4A27228155AB700D603C9 /* RequestParams.swift */,
				F6F4A27328155AB700D603C9 /* HTTPMethod.swift */,
				F6F4A27428155AB700D603C9 /* ResponseType.swift */,
				F6F4A27528155AB700D603C9 /* Request.swift */,
				F6F4A27628155AB700D603C9 /* AuthorizedRequest.swift */,
			);
			path = Protocols;
			sourceTree = "<group>";
		};
		F6F4A28928155D9F00D603C9 /* DRMToken */ = {
			isa = PBXGroup;
			children = (
				F6F4A28A28155D9F00D603C9 /* DRMTokenRequest.swift */,
				F6F4A28B28155D9F00D603C9 /* DRMTokenManager.swift */,
				F6F4A28C28155D9F00D603C9 /* DRMTokenParser.swift */,
			);
			path = DRMToken;
			sourceTree = "<group>";
		};
/* End PBXGroup section */

/* Begin PBXNativeTarget section */
		F602BEDD27D4B16400DCEF1B /* BasicMVVMCoordinatorApp */ = {
			isa = PBXNativeTarget;
			buildConfigurationList = F602BF0827D4B16500DCEF1B /* Build configuration list for PBXNativeTarget "BasicMVVMCoordinatorApp" */;
			buildPhases = (
				5037F9FF15A603CF929F471D /* [CP] Check Pods Manifest.lock */,
				F602BEDA27D4B16400DCEF1B /* Sources */,
				F602BEDB27D4B16400DCEF1B /* Frameworks */,
				F602BEDC27D4B16400DCEF1B /* Resources */,
				B2D90EFCAC98124F5CB6ADED /* [CP] Embed Pods Frameworks */,
			);
			buildRules = (
			);
			dependencies = (
			);
			name = BasicMVVMCoordinatorApp;
			productName = BasicMVVMCoordinatorApp;
			productReference = F602BEDE27D4B16400DCEF1B /* BasicMVVMCoordinatorApp.app */;
			productType = "com.apple.product-type.application";
		};
		F602BEF327D4B16500DCEF1B /* BasicMVVMCoordinatorAppTests */ = {
			isa = PBXNativeTarget;
			buildConfigurationList = F602BF0B27D4B16500DCEF1B /* Build configuration list for PBXNativeTarget "BasicMVVMCoordinatorAppTests" */;
			buildPhases = (
				3574B17CC90BD619646CCA9D /* [CP] Check Pods Manifest.lock */,
				F602BEF027D4B16500DCEF1B /* Sources */,
				F602BEF127D4B16500DCEF1B /* Frameworks */,
				F602BEF227D4B16500DCEF1B /* Resources */,
			);
			buildRules = (
			);
			dependencies = (
				F602BEF627D4B16500DCEF1B /* PBXTargetDependency */,
			);
			name = BasicMVVMCoordinatorAppTests;
			productName = BasicMVVMCoordinatorAppTests;
			productReference = F602BEF427D4B16500DCEF1B /* BasicMVVMCoordinatorAppTests.xctest */;
			productType = "com.apple.product-type.bundle.unit-test";
		};
		F602BEFD27D4B16500DCEF1B /* BasicMVVMCoordinatorAppUITests */ = {
			isa = PBXNativeTarget;
			buildConfigurationList = F602BF0E27D4B16500DCEF1B /* Build configuration list for PBXNativeTarget "BasicMVVMCoordinatorAppUITests" */;
			buildPhases = (
				DDD31D3B28C14C0425CED7C7 /* [CP] Check Pods Manifest.lock */,
				F602BEFA27D4B16500DCEF1B /* Sources */,
				F602BEFB27D4B16500DCEF1B /* Frameworks */,
				F602BEFC27D4B16500DCEF1B /* Resources */,
				E8012934AB3BE6FB862F6239 /* [CP] Embed Pods Frameworks */,
			);
			buildRules = (
			);
			dependencies = (
				F602BF0027D4B16500DCEF1B /* PBXTargetDependency */,
			);
			name = BasicMVVMCoordinatorAppUITests;
			productName = BasicMVVMCoordinatorAppUITests;
			productReference = F602BEFE27D4B16500DCEF1B /* BasicMVVMCoordinatorAppUITests.xctest */;
			productType = "com.apple.product-type.bundle.ui-testing";
		};
/* End PBXNativeTarget section */

/* Begin PBXProject section */
		F602BED627D4B16400DCEF1B /* Project object */ = {
			isa = PBXProject;
			attributes = {
				BuildIndependentTargetsInParallel = 1;
				LastSwiftUpdateCheck = 1310;
				LastUpgradeCheck = 1310;
				TargetAttributes = {
					F602BEDD27D4B16400DCEF1B = {
						CreatedOnToolsVersion = 13.1;
					};
					F602BEF327D4B16500DCEF1B = {
						CreatedOnToolsVersion = 13.1;
						TestTargetID = F602BEDD27D4B16400DCEF1B;
					};
					F602BEFD27D4B16500DCEF1B = {
						CreatedOnToolsVersion = 13.1;
						TestTargetID = F602BEDD27D4B16400DCEF1B;
					};
				};
			};
			buildConfigurationList = F602BED927D4B16400DCEF1B /* Build configuration list for PBXProject "BasicMVVMCoordinatorApp" */;
			compatibilityVersion = "Xcode 13.0";
			developmentRegion = en;
			hasScannedForEncodings = 0;
			knownRegions = (
				en,
				Base,
			);
			mainGroup = F602BED527D4B16400DCEF1B;
			productRefGroup = F602BEDF27D4B16400DCEF1B /* Products */;
			projectDirPath = "";
			projectRoot = "";
			targets = (
				F602BEDD27D4B16400DCEF1B /* BasicMVVMCoordinatorApp */,
				F602BEF327D4B16500DCEF1B /* BasicMVVMCoordinatorAppTests */,
				F602BEFD27D4B16500DCEF1B /* BasicMVVMCoordinatorAppUITests */,
			);
		};
/* End PBXProject section */

/* Begin PBXResourcesBuildPhase section */
		F602BEDC27D4B16400DCEF1B /* Resources */ = {
			isa = PBXResourcesBuildPhase;
			buildActionMask = 2147483647;
			files = (
				F602BF5F27D4CB1A00DCEF1B /* MainViewController.storyboard in Resources */,
				F6F3BF7E27D63D5500ED06B9 /* Poppins-SemiBold.ttf in Resources */,
				F602BEEE27D4B16500DCEF1B /* LaunchScreen.storyboard in Resources */,
				F6F3BF5E27D622C800ED06B9 /* RegisterViewController.storyboard in Resources */,
				F6F3BF7D27D63D5500ED06B9 /* Poppins-Thin.ttf in Resources */,
				F6D8611B27E5D54700B30F25 /* HomeViewController.storyboard in Resources */,
				F6F3BF7827D63D5500ED06B9 /* Poppins-Light.ttf in Resources */,
				F6F3BF6427D6232000ED06B9 /* LoginViewController.storyboard in Resources */,
				F602BEEB27D4B16500DCEF1B /* Assets.xcassets in Resources */,
				F6F3BF7A27D63D5500ED06B9 /* Poppins-ExtraBold.ttf in Resources */,
				F6F1C4342804740900A7B5AC /* ArticleViewController.storyboard in Resources */,
				F6F3BF7C27D63D5500ED06B9 /* Poppins-Bold.ttf in Resources */,
				F6F3BF7927D63D5500ED06B9 /* Poppins-Medium.ttf in Resources */,
				F6F3BF7B27D63D5500ED06B9 /* Poppins-Regular.ttf in Resources */,
				F602BEE927D4B16400DCEF1B /* Main.storyboard in Resources */,
				F6F1C4272804706300A7B5AC /* ProfileViewController.storyboard in Resources */,
				F6F3BF7727D63D5500ED06B9 /* Poppins-ExtraLight.ttf in Resources */,
			);
			runOnlyForDeploymentPostprocessing = 0;
		};
		F602BEF227D4B16500DCEF1B /* Resources */ = {
			isa = PBXResourcesBuildPhase;
			buildActionMask = 2147483647;
			files = (
			);
			runOnlyForDeploymentPostprocessing = 0;
		};
		F602BEFC27D4B16500DCEF1B /* Resources */ = {
			isa = PBXResourcesBuildPhase;
			buildActionMask = 2147483647;
			files = (
			);
			runOnlyForDeploymentPostprocessing = 0;
		};
/* End PBXResourcesBuildPhase section */

/* Begin PBXShellScriptBuildPhase section */
		3574B17CC90BD619646CCA9D /* [CP] Check Pods Manifest.lock */ = {
			isa = PBXShellScriptBuildPhase;
			buildActionMask = 2147483647;
			files = (
			);
			inputFileListPaths = (
			);
			inputPaths = (
				"${PODS_PODFILE_DIR_PATH}/Podfile.lock",
				"${PODS_ROOT}/Manifest.lock",
			);
			name = "[CP] Check Pods Manifest.lock";
			outputFileListPaths = (
			);
			outputPaths = (
				"$(DERIVED_FILE_DIR)/Pods-BasicMVVMCoordinatorAppTests-checkManifestLockResult.txt",
			);
			runOnlyForDeploymentPostprocessing = 0;
			shellPath = /bin/sh;
			shellScript = "diff \"${PODS_PODFILE_DIR_PATH}/Podfile.lock\" \"${PODS_ROOT}/Manifest.lock\" > /dev/null\nif [ $? != 0 ] ; then\n    # print error to STDERR\n    echo \"error: The sandbox is not in sync with the Podfile.lock. Run 'pod install' or update your CocoaPods installation.\" >&2\n    exit 1\nfi\n# This output is used by Xcode 'outputs' to avoid re-running this script phase.\necho \"SUCCESS\" > \"${SCRIPT_OUTPUT_FILE_0}\"\n";
			showEnvVarsInLog = 0;
		};
		5037F9FF15A603CF929F471D /* [CP] Check Pods Manifest.lock */ = {
			isa = PBXShellScriptBuildPhase;
			buildActionMask = 2147483647;
			files = (
			);
			inputFileListPaths = (
			);
			inputPaths = (
				"${PODS_PODFILE_DIR_PATH}/Podfile.lock",
				"${PODS_ROOT}/Manifest.lock",
			);
			name = "[CP] Check Pods Manifest.lock";
			outputFileListPaths = (
			);
			outputPaths = (
				"$(DERIVED_FILE_DIR)/Pods-BasicMVVMCoordinatorApp-checkManifestLockResult.txt",
			);
			runOnlyForDeploymentPostprocessing = 0;
			shellPath = /bin/sh;
			shellScript = "diff \"${PODS_PODFILE_DIR_PATH}/Podfile.lock\" \"${PODS_ROOT}/Manifest.lock\" > /dev/null\nif [ $? != 0 ] ; then\n    # print error to STDERR\n    echo \"error: The sandbox is not in sync with the Podfile.lock. Run 'pod install' or update your CocoaPods installation.\" >&2\n    exit 1\nfi\n# This output is used by Xcode 'outputs' to avoid re-running this script phase.\necho \"SUCCESS\" > \"${SCRIPT_OUTPUT_FILE_0}\"\n";
			showEnvVarsInLog = 0;
		};
		B2D90EFCAC98124F5CB6ADED /* [CP] Embed Pods Frameworks */ = {
			isa = PBXShellScriptBuildPhase;
			buildActionMask = 2147483647;
			files = (
			);
			inputFileListPaths = (
				"${PODS_ROOT}/Target Support Files/Pods-BasicMVVMCoordinatorApp/Pods-BasicMVVMCoordinatorApp-frameworks-${CONFIGURATION}-input-files.xcfilelist",
			);
			name = "[CP] Embed Pods Frameworks";
			outputFileListPaths = (
				"${PODS_ROOT}/Target Support Files/Pods-BasicMVVMCoordinatorApp/Pods-BasicMVVMCoordinatorApp-frameworks-${CONFIGURATION}-output-files.xcfilelist",
			);
			runOnlyForDeploymentPostprocessing = 0;
			shellPath = /bin/sh;
			shellScript = "\"${PODS_ROOT}/Target Support Files/Pods-BasicMVVMCoordinatorApp/Pods-BasicMVVMCoordinatorApp-frameworks.sh\"\n";
			showEnvVarsInLog = 0;
		};
		DDD31D3B28C14C0425CED7C7 /* [CP] Check Pods Manifest.lock */ = {
			isa = PBXShellScriptBuildPhase;
			buildActionMask = 2147483647;
			files = (
			);
			inputFileListPaths = (
			);
			inputPaths = (
				"${PODS_PODFILE_DIR_PATH}/Podfile.lock",
				"${PODS_ROOT}/Manifest.lock",
			);
			name = "[CP] Check Pods Manifest.lock";
			outputFileListPaths = (
			);
			outputPaths = (
				"$(DERIVED_FILE_DIR)/Pods-BasicMVVMCoordinatorApp-BasicMVVMCoordinatorAppUITests-checkManifestLockResult.txt",
			);
			runOnlyForDeploymentPostprocessing = 0;
			shellPath = /bin/sh;
			shellScript = "diff \"${PODS_PODFILE_DIR_PATH}/Podfile.lock\" \"${PODS_ROOT}/Manifest.lock\" > /dev/null\nif [ $? != 0 ] ; then\n    # print error to STDERR\n    echo \"error: The sandbox is not in sync with the Podfile.lock. Run 'pod install' or update your CocoaPods installation.\" >&2\n    exit 1\nfi\n# This output is used by Xcode 'outputs' to avoid re-running this script phase.\necho \"SUCCESS\" > \"${SCRIPT_OUTPUT_FILE_0}\"\n";
			showEnvVarsInLog = 0;
		};
		E8012934AB3BE6FB862F6239 /* [CP] Embed Pods Frameworks */ = {
			isa = PBXShellScriptBuildPhase;
			buildActionMask = 2147483647;
			files = (
			);
			inputFileListPaths = (
				"${PODS_ROOT}/Target Support Files/Pods-BasicMVVMCoordinatorApp-BasicMVVMCoordinatorAppUITests/Pods-BasicMVVMCoordinatorApp-BasicMVVMCoordinatorAppUITests-frameworks-${CONFIGURATION}-input-files.xcfilelist",
			);
			name = "[CP] Embed Pods Frameworks";
			outputFileListPaths = (
				"${PODS_ROOT}/Target Support Files/Pods-BasicMVVMCoordinatorApp-BasicMVVMCoordinatorAppUITests/Pods-BasicMVVMCoordinatorApp-BasicMVVMCoordinatorAppUITests-frameworks-${CONFIGURATION}-output-files.xcfilelist",
			);
			runOnlyForDeploymentPostprocessing = 0;
			shellPath = /bin/sh;
			shellScript = "\"${PODS_ROOT}/Target Support Files/Pods-BasicMVVMCoordinatorApp-BasicMVVMCoordinatorAppUITests/Pods-BasicMVVMCoordinatorApp-BasicMVVMCoordinatorAppUITests-frameworks.sh\"\n";
			showEnvVarsInLog = 0;
		};
/* End PBXShellScriptBuildPhase section */

/* Begin PBXSourcesBuildPhase section */
		F602BEDA27D4B16400DCEF1B /* Sources */ = {
			isa = PBXSourcesBuildPhase;
			buildActionMask = 2147483647;
			files = (
				F6F4A27E28155AB700D603C9 /* ResponseType.swift in Sources */,
				F6F3BF6927D628DB00ED06B9 /* AppCoordinatorFactoryType.swift in Sources */,
				F6F1C3FD280440FE00A7B5AC /* TabBarCoordinatorFactory.swift in Sources */,
				F6F4A28F28155D9F00D603C9 /* DRMTokenParser.swift in Sources */,
				F6F3BF6227D622F800ED06B9 /* LoginViewController.swift in Sources */,
				F63E355D2822D2AF007F4F25 /* Pokemons.swift in Sources */,
				F602BF5027D4C1E000DCEF1B /* MainViewModel.swift in Sources */,
				F6F4A27D28155AB700D603C9 /* HTTPMethod.swift in Sources */,
				F6F1C41F2804704900A7B5AC /* ProfileModuleFactory.swift in Sources */,
				F6F4A28E28155D9F00D603C9 /* DRMTokenManager.swift in Sources */,
				F6D8611F27E5D55B00B30F25 /* HomeViewModel.swift in Sources */,
				F6F3BF8027D6473700ED06B9 /* UIApplication + getTopController.swift in Sources */,
				F6D8612227E5DA6100B30F25 /* RegisterCoordinatorFactory.swift in Sources */,
				F602BF2E27D4BE7F00DCEF1B /* CellIdentifiable.swift in Sources */,
				F6F3BF8427D64C1B00ED06B9 /* Dictionary + Extensions.swift in Sources */,
				F602BF5D27D4CB0D00DCEF1B /* MainViewController.swift in Sources */,
				F602BF3B27D4BFE800DCEF1B /* AppModuleFactory.swift in Sources */,
				F6F1C43A280474FF00A7B5AC /* ArticleCoordinatorFactory.swift in Sources */,
				F6F3BF6B27D63CF300ED06B9 /* CustomNavigationController.swift in Sources */,
				F602BF3127D4BFA100DCEF1B /* AppCoordinator.swift in Sources */,
				F63E35572822D207007F4F25 /* PokemonFetchRequest.swift in Sources */,
				F6F3BF4F27D6223600ED06B9 /* RegisterModuleFactory.swift in Sources */,
				F6F1C4362804748A00A7B5AC /* ArticleModuleFactory.swift in Sources */,
				F6D8611D27E5D55400B30F25 /* HomeViewController.swift in Sources */,
				F6F1C4192804702400A7B5AC /* ProfileCoordinatorOutput.swift in Sources */,
				F6D8611927E5D4C400B30F25 /* HomeModuleFactoryType.swift in Sources */,
				F6F4A27828155AB700D603C9 /* APIInterceptor.swift in Sources */,
				F6F1C4232804705400A7B5AC /* ProfileViewModel.swift in Sources */,
				F6F1C4012804414D00A7B5AC /* TabBarModuleFactory.swift in Sources */,
				F6F4A27F28155AB700D603C9 /* Request.swift in Sources */,
				F6F4A27B28155AB700D603C9 /* PaginatedRequest.swift in Sources */,
				F602BF2827D4BE3800DCEF1B /* BaseCoordinator.swift in Sources */,
				F6F1C4052804482600A7B5AC /* String+Localized.swift in Sources */,
				F6D8611027E5D2DA00B30F25 /* HomeCoordinator.swift in Sources */,
				F602BF2927D4BE3800DCEF1B /* Router.swift in Sources */,
				F6F3BF6027D622E400ED06B9 /* LoginViewModel.swift in Sources */,
				F602BEE227D4B16400DCEF1B /* AppDelegate.swift in Sources */,
				F6F3BF6827D628DB00ED06B9 /* AppCoordinatorFactory.swift in Sources */,
				F6F1C4092804494300A7B5AC /* Language.swift in Sources */,
				F602BF5327D4C2FE00DCEF1B /* HasNetworkService.swift in Sources */,
				F6D8612427E5DA6C00B30F25 /* RegisterCoordinatorFactoryType.swift in Sources */,
				F602BF3A27D4BFE800DCEF1B /* AppModuleFactoryType.swift in Sources */,
				F6F1C4172804701F00A7B5AC /* ProfileCoordinator.swift in Sources */,
				F602BF2427D4BE1300DCEF1B /* StoryboardLoadable.swift in Sources */,
				F6F1C430280473F900A7B5AC /* ArticleViewModel.swift in Sources */,
				F602BF5527D4C33400DCEF1B /* NetworkService.swift in Sources */,
				F6F1C3FF2804410200A7B5AC /* TabBarCoordinatorFactoryType.swift in Sources */,
				F63E355B2822D28B007F4F25 /* Results.swift in Sources */,
				F6082DB52802EBFC00F7C737 /* ObjectStorage.swift in Sources */,
				F6F1C4252804705C00A7B5AC /* ProfileViewController.swift in Sources */,
				F6F3BF5327D6223F00ED06B9 /* RegisterCoordinator.swift in Sources */,
				F6F1C3F82804406B00A7B5AC /* TabBarCoordinator.swift in Sources */,
				F6F1C411280466B600A7B5AC /* HomeCoordinatorFactoryType.swift in Sources */,
				F602BF5927D4C59900DCEF1B /* BasicNetworkService.swift in Sources */,
				F6F4A28128155AB700D603C9 /* ConnectivityMonitor.swift in Sources */,
				F6F1C3FA2804407200A7B5AC /* TabBarCoordinatorOutput.swift in Sources */,
				F6F1C4382804748E00A7B5AC /* ArticleModuleFactoryType.swift in Sources */,
				F6F4A27A28155AB700D603C9 /* APIClient.swift in Sources */,
				F6082DB42802EBFC00F7C737 /* ApplicationStorage.swift in Sources */,
				F6F1C429280473CC00A7B5AC /* ArticleCoordinator.swift in Sources */,
				F602BF2227D4BE1300DCEF1B /* Coordinator.swift in Sources */,
				F63E35512822C093007F4F25 /* UIDevice+ModelName.swift in Sources */,
				F6F3BF5C27D622AE00ED06B9 /* RegisterViewController.swift in Sources */,
				F6082DB32802EBFC00F7C737 /* UserManager.swift in Sources */,
				F6C0F4CA27E63C08002D84E9 /* FacebookService.swift in Sources */,
				F6082DB72802EC0F00F7C737 /* LoginResponse.swift in Sources */,
				F6F1C43E2804B65E00A7B5AC /* UITabBarController + Extensions.swift in Sources */,
				F6F3BF8227D64AAB00ED06B9 /* FacebookLoginResponse.swift in Sources */,
				F6F4A28028155AB700D603C9 /* AuthorizedRequest.swift in Sources */,
				F6F4A28D28155D9F00D603C9 /* DRMTokenRequest.swift in Sources */,
				F6D8611727E5D4BA00B30F25 /* HomeModuleFactory.swift in Sources */,
				F6F1C4032804415100A7B5AC /* TabBarModuleFactoryType.swift in Sources */,
				F6F3BF5027D6223600ED06B9 /* RegisterModuleFactoryType.swift in Sources */,
				F6F1C40F280466B200A7B5AC /* HomeCoordinatorFactory.swift in Sources */,
				F602BF5727D4C44E00DCEF1B /* DependencyProvider.swift in Sources */,
				F6C0F4D127E63C69002D84E9 /* Constants.swift in Sources */,
				F6F3BF6D27D63D3900ED06B9 /* Fonts.swift in Sources */,
				F63E35532822C129007F4F25 /* Bundle+AppVersion.swift in Sources */,
				F6F1C4322804740400A7B5AC /* ArticleViewController.swift in Sources */,
				F602BF2127D4BE1300DCEF1B /* CoordinatorType.swift in Sources */,
				F6F3BF5A27D6229400ED06B9 /* RegisterViewModel.swift in Sources */,
				F6F1C43C2804752200A7B5AC /* ArticleCoordinatorFactoryType.swift in Sources */,
				F6C0F4CF27E63C39002D84E9 /* GoogleSignInService.swift in Sources */,
				F6F1C4212804704C00A7B5AC /* ProfileModuleFactoryType.swift in Sources */,
				F6F4A27C28155AB700D603C9 /* RequestParams.swift in Sources */,
				F63E35582822D207007F4F25 /* PokemonAPIClient.swift in Sources */,
				F6F3BF5427D6223F00ED06B9 /* RegisterCoordinatorOutput.swift in Sources */,
				F6F1C41B2804703700A7B5AC /* ProfileCoordinatorFactory.swift in Sources */,
				F6D8611227E5D2E300B30F25 /* HomeCoordinatorOutput.swift in Sources */,
				F6F1C41D2804703C00A7B5AC /* ProfileCoordinatorFactoryType.swift in Sources */,
				F602BEE427D4B16400DCEF1B /* SceneDelegate.swift in Sources */,
				F602BF2527D4BE1300DCEF1B /* RouterType.swift in Sources */,
				F602BF2327D4BE1300DCEF1B /* Presentable.swift in Sources */,
				F6F1C42B280473D300A7B5AC /* ArticleCoordinatorOutput.swift in Sources */,
				F6F4A27928155AB700D603C9 /* APIError.swift in Sources */,
			);
			runOnlyForDeploymentPostprocessing = 0;
		};
		F602BEF027D4B16500DCEF1B /* Sources */ = {
			isa = PBXSourcesBuildPhase;
			buildActionMask = 2147483647;
			files = (
				F602BEF927D4B16500DCEF1B /* BasicMVVMCoordinatorAppTests.swift in Sources */,
			);
			runOnlyForDeploymentPostprocessing = 0;
		};
		F602BEFA27D4B16500DCEF1B /* Sources */ = {
			isa = PBXSourcesBuildPhase;
			buildActionMask = 2147483647;
			files = (
				F602BF0527D4B16500DCEF1B /* BasicMVVMCoordinatorAppUITestsLaunchTests.swift in Sources */,
				F602BF0327D4B16500DCEF1B /* BasicMVVMCoordinatorAppUITests.swift in Sources */,
			);
			runOnlyForDeploymentPostprocessing = 0;
		};
/* End PBXSourcesBuildPhase section */

/* Begin PBXTargetDependency section */
		F602BEF627D4B16500DCEF1B /* PBXTargetDependency */ = {
			isa = PBXTargetDependency;
			target = F602BEDD27D4B16400DCEF1B /* BasicMVVMCoordinatorApp */;
			targetProxy = F602BEF527D4B16500DCEF1B /* PBXContainerItemProxy */;
		};
		F602BF0027D4B16500DCEF1B /* PBXTargetDependency */ = {
			isa = PBXTargetDependency;
			target = F602BEDD27D4B16400DCEF1B /* BasicMVVMCoordinatorApp */;
			targetProxy = F602BEFF27D4B16500DCEF1B /* PBXContainerItemProxy */;
		};
/* End PBXTargetDependency section */

/* Begin PBXVariantGroup section */
		F602BEE727D4B16400DCEF1B /* Main.storyboard */ = {
			isa = PBXVariantGroup;
			children = (
				F602BEE827D4B16400DCEF1B /* Base */,
			);
			name = Main.storyboard;
			sourceTree = "<group>";
		};
		F602BEEC27D4B16500DCEF1B /* LaunchScreen.storyboard */ = {
			isa = PBXVariantGroup;
			children = (
				F602BEED27D4B16500DCEF1B /* Base */,
			);
			name = LaunchScreen.storyboard;
			sourceTree = "<group>";
		};
/* End PBXVariantGroup section */

/* Begin XCBuildConfiguration section */
		F602BF0627D4B16500DCEF1B /* Debug */ = {
			isa = XCBuildConfiguration;
			buildSettings = {
				ALWAYS_SEARCH_USER_PATHS = NO;
				CLANG_ANALYZER_NONNULL = YES;
				CLANG_ANALYZER_NUMBER_OBJECT_CONVERSION = YES_AGGRESSIVE;
				CLANG_CXX_LANGUAGE_STANDARD = "gnu++17";
				CLANG_CXX_LIBRARY = "libc++";
				CLANG_ENABLE_MODULES = YES;
				CLANG_ENABLE_OBJC_ARC = YES;
				CLANG_ENABLE_OBJC_WEAK = YES;
				CLANG_WARN_BLOCK_CAPTURE_AUTORELEASING = YES;
				CLANG_WARN_BOOL_CONVERSION = YES;
				CLANG_WARN_COMMA = YES;
				CLANG_WARN_CONSTANT_CONVERSION = YES;
				CLANG_WARN_DEPRECATED_OBJC_IMPLEMENTATIONS = YES;
				CLANG_WARN_DIRECT_OBJC_ISA_USAGE = YES_ERROR;
				CLANG_WARN_DOCUMENTATION_COMMENTS = YES;
				CLANG_WARN_EMPTY_BODY = YES;
				CLANG_WARN_ENUM_CONVERSION = YES;
				CLANG_WARN_INFINITE_RECURSION = YES;
				CLANG_WARN_INT_CONVERSION = YES;
				CLANG_WARN_NON_LITERAL_NULL_CONVERSION = YES;
				CLANG_WARN_OBJC_IMPLICIT_RETAIN_SELF = YES;
				CLANG_WARN_OBJC_LITERAL_CONVERSION = YES;
				CLANG_WARN_OBJC_ROOT_CLASS = YES_ERROR;
				CLANG_WARN_QUOTED_INCLUDE_IN_FRAMEWORK_HEADER = YES;
				CLANG_WARN_RANGE_LOOP_ANALYSIS = YES;
				CLANG_WARN_STRICT_PROTOTYPES = YES;
				CLANG_WARN_SUSPICIOUS_MOVE = YES;
				CLANG_WARN_UNGUARDED_AVAILABILITY = YES_AGGRESSIVE;
				CLANG_WARN_UNREACHABLE_CODE = YES;
				CLANG_WARN__DUPLICATE_METHOD_MATCH = YES;
				COPY_PHASE_STRIP = NO;
				DEBUG_INFORMATION_FORMAT = dwarf;
				ENABLE_STRICT_OBJC_MSGSEND = YES;
				ENABLE_TESTABILITY = YES;
				GCC_C_LANGUAGE_STANDARD = gnu11;
				GCC_DYNAMIC_NO_PIC = NO;
				GCC_NO_COMMON_BLOCKS = YES;
				GCC_OPTIMIZATION_LEVEL = 0;
				GCC_PREPROCESSOR_DEFINITIONS = (
					"DEBUG=1",
					"$(inherited)",
				);
				GCC_WARN_64_TO_32_BIT_CONVERSION = YES;
				GCC_WARN_ABOUT_RETURN_TYPE = YES_ERROR;
				GCC_WARN_UNDECLARED_SELECTOR = YES;
				GCC_WARN_UNINITIALIZED_AUTOS = YES_AGGRESSIVE;
				GCC_WARN_UNUSED_FUNCTION = YES;
				GCC_WARN_UNUSED_VARIABLE = YES;
				IPHONEOS_DEPLOYMENT_TARGET = 15.0;
				MTL_ENABLE_DEBUG_INFO = INCLUDE_SOURCE;
				MTL_FAST_MATH = YES;
				ONLY_ACTIVE_ARCH = YES;
				SDKROOT = iphoneos;
				SWIFT_ACTIVE_COMPILATION_CONDITIONS = DEBUG;
				SWIFT_OPTIMIZATION_LEVEL = "-Onone";
			};
			name = Debug;
		};
		F602BF0727D4B16500DCEF1B /* Release */ = {
			isa = XCBuildConfiguration;
			buildSettings = {
				ALWAYS_SEARCH_USER_PATHS = NO;
				CLANG_ANALYZER_NONNULL = YES;
				CLANG_ANALYZER_NUMBER_OBJECT_CONVERSION = YES_AGGRESSIVE;
				CLANG_CXX_LANGUAGE_STANDARD = "gnu++17";
				CLANG_CXX_LIBRARY = "libc++";
				CLANG_ENABLE_MODULES = YES;
				CLANG_ENABLE_OBJC_ARC = YES;
				CLANG_ENABLE_OBJC_WEAK = YES;
				CLANG_WARN_BLOCK_CAPTURE_AUTORELEASING = YES;
				CLANG_WARN_BOOL_CONVERSION = YES;
				CLANG_WARN_COMMA = YES;
				CLANG_WARN_CONSTANT_CONVERSION = YES;
				CLANG_WARN_DEPRECATED_OBJC_IMPLEMENTATIONS = YES;
				CLANG_WARN_DIRECT_OBJC_ISA_USAGE = YES_ERROR;
				CLANG_WARN_DOCUMENTATION_COMMENTS = YES;
				CLANG_WARN_EMPTY_BODY = YES;
				CLANG_WARN_ENUM_CONVERSION = YES;
				CLANG_WARN_INFINITE_RECURSION = YES;
				CLANG_WARN_INT_CONVERSION = YES;
				CLANG_WARN_NON_LITERAL_NULL_CONVERSION = YES;
				CLANG_WARN_OBJC_IMPLICIT_RETAIN_SELF = YES;
				CLANG_WARN_OBJC_LITERAL_CONVERSION = YES;
				CLANG_WARN_OBJC_ROOT_CLASS = YES_ERROR;
				CLANG_WARN_QUOTED_INCLUDE_IN_FRAMEWORK_HEADER = YES;
				CLANG_WARN_RANGE_LOOP_ANALYSIS = YES;
				CLANG_WARN_STRICT_PROTOTYPES = YES;
				CLANG_WARN_SUSPICIOUS_MOVE = YES;
				CLANG_WARN_UNGUARDED_AVAILABILITY = YES_AGGRESSIVE;
				CLANG_WARN_UNREACHABLE_CODE = YES;
				CLANG_WARN__DUPLICATE_METHOD_MATCH = YES;
				COPY_PHASE_STRIP = NO;
				DEBUG_INFORMATION_FORMAT = "dwarf-with-dsym";
				ENABLE_NS_ASSERTIONS = NO;
				ENABLE_STRICT_OBJC_MSGSEND = YES;
				GCC_C_LANGUAGE_STANDARD = gnu11;
				GCC_NO_COMMON_BLOCKS = YES;
				GCC_WARN_64_TO_32_BIT_CONVERSION = YES;
				GCC_WARN_ABOUT_RETURN_TYPE = YES_ERROR;
				GCC_WARN_UNDECLARED_SELECTOR = YES;
				GCC_WARN_UNINITIALIZED_AUTOS = YES_AGGRESSIVE;
				GCC_WARN_UNUSED_FUNCTION = YES;
				GCC_WARN_UNUSED_VARIABLE = YES;
				IPHONEOS_DEPLOYMENT_TARGET = 15.0;
				MTL_ENABLE_DEBUG_INFO = NO;
				MTL_FAST_MATH = YES;
				SDKROOT = iphoneos;
				SWIFT_COMPILATION_MODE = wholemodule;
				SWIFT_OPTIMIZATION_LEVEL = "-O";
				VALIDATE_PRODUCT = YES;
			};
			name = Release;
		};
		F602BF0927D4B16500DCEF1B /* Debug */ = {
			isa = XCBuildConfiguration;
			baseConfigurationReference = 610EDB2BE276D01A8BE4991C /* Pods-BasicMVVMCoordinatorApp.debug.xcconfig */;
			buildSettings = {
				ASSETCATALOG_COMPILER_APPICON_NAME = AppIcon;
				ASSETCATALOG_COMPILER_GLOBAL_ACCENT_COLOR_NAME = AccentColor;
				CODE_SIGN_ENTITLEMENTS = BasicMVVMCoordinatorApp/BasicMVVMCoordinatorApp.entitlements;
				CODE_SIGN_STYLE = Automatic;
				CURRENT_PROJECT_VERSION = 1;
				GENERATE_INFOPLIST_FILE = YES;
				INFOPLIST_FILE = BasicMVVMCoordinatorApp/Info.plist;
				INFOPLIST_KEY_UIApplicationSupportsIndirectInputEvents = YES;
				INFOPLIST_KEY_UILaunchStoryboardName = LaunchScreen;
				INFOPLIST_KEY_UIMainStoryboardFile = Main;
				INFOPLIST_KEY_UISupportedInterfaceOrientations_iPad = "UIInterfaceOrientationPortrait UIInterfaceOrientationPortraitUpsideDown UIInterfaceOrientationLandscapeLeft UIInterfaceOrientationLandscapeRight";
				INFOPLIST_KEY_UISupportedInterfaceOrientations_iPhone = "UIInterfaceOrientationPortrait UIInterfaceOrientationLandscapeLeft UIInterfaceOrientationLandscapeRight";
				LD_RUNPATH_SEARCH_PATHS = (
					"$(inherited)",
					"@executable_path/Frameworks",
				);
				MARKETING_VERSION = 1.0;
				PRODUCT_BUNDLE_IDENTIFIER = BasicMVVMCoordinatorApp.com;
				PRODUCT_NAME = "$(TARGET_NAME)";
				SWIFT_EMIT_LOC_STRINGS = YES;
				SWIFT_VERSION = 5.0;
				TARGETED_DEVICE_FAMILY = "1,2";
			};
			name = Debug;
		};
		F602BF0A27D4B16500DCEF1B /* Release */ = {
			isa = XCBuildConfiguration;
			baseConfigurationReference = BB18308EF66B379DC01B841D /* Pods-BasicMVVMCoordinatorApp.release.xcconfig */;
			buildSettings = {
				ASSETCATALOG_COMPILER_APPICON_NAME = AppIcon;
				ASSETCATALOG_COMPILER_GLOBAL_ACCENT_COLOR_NAME = AccentColor;
				CODE_SIGN_ENTITLEMENTS = BasicMVVMCoordinatorApp/BasicMVVMCoordinatorApp.entitlements;
				CODE_SIGN_STYLE = Automatic;
				CURRENT_PROJECT_VERSION = 1;
				GCC_OPTIMIZATION_LEVEL = 0;
				GENERATE_INFOPLIST_FILE = YES;
				INFOPLIST_FILE = BasicMVVMCoordinatorApp/Info.plist;
				INFOPLIST_KEY_UIApplicationSupportsIndirectInputEvents = YES;
				INFOPLIST_KEY_UILaunchStoryboardName = LaunchScreen;
				INFOPLIST_KEY_UIMainStoryboardFile = Main;
				INFOPLIST_KEY_UISupportedInterfaceOrientations_iPad = "UIInterfaceOrientationPortrait UIInterfaceOrientationPortraitUpsideDown UIInterfaceOrientationLandscapeLeft UIInterfaceOrientationLandscapeRight";
				INFOPLIST_KEY_UISupportedInterfaceOrientations_iPhone = "UIInterfaceOrientationPortrait UIInterfaceOrientationLandscapeLeft UIInterfaceOrientationLandscapeRight";
				LD_RUNPATH_SEARCH_PATHS = (
					"$(inherited)",
					"@executable_path/Frameworks",
				);
				MARKETING_VERSION = 1.0;
				PRODUCT_BUNDLE_IDENTIFIER = BasicMVVMCoordinatorApp.com;
				PRODUCT_NAME = "$(TARGET_NAME)";
				SWIFT_EMIT_LOC_STRINGS = YES;
				SWIFT_OPTIMIZATION_LEVEL = "-Onone";
				SWIFT_VERSION = 5.0;
				TARGETED_DEVICE_FAMILY = "1,2";
			};
			name = Release;
		};
		F602BF0C27D4B16500DCEF1B /* Debug */ = {
			isa = XCBuildConfiguration;
			baseConfigurationReference = 47A51257FF9AE75A80EE7706 /* Pods-BasicMVVMCoordinatorAppTests.debug.xcconfig */;
			buildSettings = {
				ALWAYS_EMBED_SWIFT_STANDARD_LIBRARIES = YES;
				BUNDLE_LOADER = "$(TEST_HOST)";
				CODE_SIGN_STYLE = Automatic;
				CURRENT_PROJECT_VERSION = 1;
				GENERATE_INFOPLIST_FILE = YES;
				IPHONEOS_DEPLOYMENT_TARGET = 15.0;
				LD_RUNPATH_SEARCH_PATHS = (
					"$(inherited)",
					"@executable_path/Frameworks",
					"@loader_path/Frameworks",
				);
				MARKETING_VERSION = 1.0;
				PRODUCT_BUNDLE_IDENTIFIER = BasicMVVMCoordinatorApp.com.BasicMVVMCoordinatorAppTests;
				PRODUCT_NAME = "$(TARGET_NAME)";
				SWIFT_EMIT_LOC_STRINGS = NO;
				SWIFT_VERSION = 5.0;
				TARGETED_DEVICE_FAMILY = "1,2";
				TEST_HOST = "$(BUILT_PRODUCTS_DIR)/BasicMVVMCoordinatorApp.app/BasicMVVMCoordinatorApp";
			};
			name = Debug;
		};
		F602BF0D27D4B16500DCEF1B /* Release */ = {
			isa = XCBuildConfiguration;
			baseConfigurationReference = 5C20DFC2BFD19C3ADCE9DABD /* Pods-BasicMVVMCoordinatorAppTests.release.xcconfig */;
			buildSettings = {
				ALWAYS_EMBED_SWIFT_STANDARD_LIBRARIES = YES;
				BUNDLE_LOADER = "$(TEST_HOST)";
				CODE_SIGN_STYLE = Automatic;
				CURRENT_PROJECT_VERSION = 1;
				GENERATE_INFOPLIST_FILE = YES;
				IPHONEOS_DEPLOYMENT_TARGET = 15.0;
				LD_RUNPATH_SEARCH_PATHS = (
					"$(inherited)",
					"@executable_path/Frameworks",
					"@loader_path/Frameworks",
				);
				MARKETING_VERSION = 1.0;
				PRODUCT_BUNDLE_IDENTIFIER = BasicMVVMCoordinatorApp.com.BasicMVVMCoordinatorAppTests;
				PRODUCT_NAME = "$(TARGET_NAME)";
				SWIFT_EMIT_LOC_STRINGS = NO;
				SWIFT_VERSION = 5.0;
				TARGETED_DEVICE_FAMILY = "1,2";
				TEST_HOST = "$(BUILT_PRODUCTS_DIR)/BasicMVVMCoordinatorApp.app/BasicMVVMCoordinatorApp";
			};
			name = Release;
		};
		F602BF0F27D4B16500DCEF1B /* Debug */ = {
			isa = XCBuildConfiguration;
			baseConfigurationReference = 329C2F0FFED78D7DF84BE781 /* Pods-BasicMVVMCoordinatorApp-BasicMVVMCoordinatorAppUITests.debug.xcconfig */;
			buildSettings = {
				ALWAYS_EMBED_SWIFT_STANDARD_LIBRARIES = YES;
				CODE_SIGN_STYLE = Automatic;
				CURRENT_PROJECT_VERSION = 1;
				GENERATE_INFOPLIST_FILE = YES;
				LD_RUNPATH_SEARCH_PATHS = (
					"$(inherited)",
					"@executable_path/Frameworks",
					"@loader_path/Frameworks",
				);
				MARKETING_VERSION = 1.0;
				PRODUCT_BUNDLE_IDENTIFIER = BasicMVVMCoordinatorApp.com.BasicMVVMCoordinatorAppUITests;
				PRODUCT_NAME = "$(TARGET_NAME)";
				SWIFT_EMIT_LOC_STRINGS = NO;
				SWIFT_VERSION = 5.0;
				TARGETED_DEVICE_FAMILY = "1,2";
				TEST_TARGET_NAME = BasicMVVMCoordinatorApp;
			};
			name = Debug;
		};
		F602BF1027D4B16500DCEF1B /* Release */ = {
			isa = XCBuildConfiguration;
			baseConfigurationReference = FF9F03D748E35BA8037411C1 /* Pods-BasicMVVMCoordinatorApp-BasicMVVMCoordinatorAppUITests.release.xcconfig */;
			buildSettings = {
				ALWAYS_EMBED_SWIFT_STANDARD_LIBRARIES = YES;
				CODE_SIGN_STYLE = Automatic;
				CURRENT_PROJECT_VERSION = 1;
				GENERATE_INFOPLIST_FILE = YES;
				LD_RUNPATH_SEARCH_PATHS = (
					"$(inherited)",
					"@executable_path/Frameworks",
					"@loader_path/Frameworks",
				);
				MARKETING_VERSION = 1.0;
				PRODUCT_BUNDLE_IDENTIFIER = BasicMVVMCoordinatorApp.com.BasicMVVMCoordinatorAppUITests;
				PRODUCT_NAME = "$(TARGET_NAME)";
				SWIFT_EMIT_LOC_STRINGS = NO;
				SWIFT_VERSION = 5.0;
				TARGETED_DEVICE_FAMILY = "1,2";
				TEST_TARGET_NAME = BasicMVVMCoordinatorApp;
			};
			name = Release;
		};
/* End XCBuildConfiguration section */

/* Begin XCConfigurationList section */
		F602BED927D4B16400DCEF1B /* Build configuration list for PBXProject "BasicMVVMCoordinatorApp" */ = {
			isa = XCConfigurationList;
			buildConfigurations = (
				F602BF0627D4B16500DCEF1B /* Debug */,
				F602BF0727D4B16500DCEF1B /* Release */,
			);
			defaultConfigurationIsVisible = 0;
			defaultConfigurationName = Release;
		};
		F602BF0827D4B16500DCEF1B /* Build configuration list for PBXNativeTarget "BasicMVVMCoordinatorApp" */ = {
			isa = XCConfigurationList;
			buildConfigurations = (
				F602BF0927D4B16500DCEF1B /* Debug */,
				F602BF0A27D4B16500DCEF1B /* Release */,
			);
			defaultConfigurationIsVisible = 0;
			defaultConfigurationName = Release;
		};
		F602BF0B27D4B16500DCEF1B /* Build configuration list for PBXNativeTarget "BasicMVVMCoordinatorAppTests" */ = {
			isa = XCConfigurationList;
			buildConfigurations = (
				F602BF0C27D4B16500DCEF1B /* Debug */,
				F602BF0D27D4B16500DCEF1B /* Release */,
			);
			defaultConfigurationIsVisible = 0;
			defaultConfigurationName = Release;
		};
		F602BF0E27D4B16500DCEF1B /* Build configuration list for PBXNativeTarget "BasicMVVMCoordinatorAppUITests" */ = {
			isa = XCConfigurationList;
			buildConfigurations = (
				F602BF0F27D4B16500DCEF1B /* Debug */,
				F602BF1027D4B16500DCEF1B /* Release */,
			);
			defaultConfigurationIsVisible = 0;
			defaultConfigurationName = Release;
		};
/* End XCConfigurationList section */
	};
	rootObject = F602BED627D4B16400DCEF1B /* Project object */;
}
